// !$*UTF8*$!
{
	archiveVersion = 1;
	classes = {
	};
	objectVersion = 50;
	objects = {

/* Begin PBXBuildFile section */
		FD89F86722913F2A0012EC4E /* main.cpp in Sources */ = {isa = PBXBuildFile; fileRef = FD89F86622913F2A0012EC4E /* main.cpp */; };
		FDC7269422915C1300976335 /* SDL2_ttf.framework in Frameworks */ = {isa = PBXBuildFile; fileRef = FDC7269022915C1300976335 /* SDL2_ttf.framework */; };
		FDC7269522915C1300976335 /* SDL2.framework in Frameworks */ = {isa = PBXBuildFile; fileRef = FDC7269122915C1300976335 /* SDL2.framework */; };
		FDC7269622915C1300976335 /* SDL2_image.framework in Frameworks */ = {isa = PBXBuildFile; fileRef = FDC7269222915C1300976335 /* SDL2_image.framework */; };
		FDC7269722915C1300976335 /* SDL2_mixer.framework in Frameworks */ = {isa = PBXBuildFile; fileRef = FDC7269322915C1300976335 /* SDL2_mixer.framework */; };
		FDC726AB2291657600976335 /* Resources in Copy Files (Resources) */ = {isa = PBXBuildFile; fileRef = FD89F92322915B5D0012EC4E /* Resources */; };
		FDC726AC229166CA00976335 /* Frameworks in Copy Files (Frameworks) */ = {isa = PBXBuildFile; fileRef = FD89F90522914A070012EC4E /* Frameworks */; };
/* End PBXBuildFile section */

/* Begin PBXCopyFilesBuildPhase section */
		FD89F84322913AAF0012EC4E /* Copy Files (Frameworks) */ = {
			isa = PBXCopyFilesBuildPhase;
			buildActionMask = 12;
			dstPath = "";
			dstSubfolderSpec = 10;
			files = (
				FDC726AC229166CA00976335 /* Frameworks in Copy Files (Frameworks) */,
			);
			name = "Copy Files (Frameworks)";
			runOnlyForDeploymentPostprocessing = 0;
		};
		FDC726A9229164E400976335 /* Copy Files (Resources) */ = {
			isa = PBXCopyFilesBuildPhase;
			buildActionMask = 2147483647;
			dstPath = "";
			dstSubfolderSpec = 7;
			files = (
				FDC726AB2291657600976335 /* Resources in Copy Files (Resources) */,
			);
			name = "Copy Files (Resources)";
			runOnlyForDeploymentPostprocessing = 0;
		};
/* End PBXCopyFilesBuildPhase section */

/* Begin PBXFileReference section */
		FD89F84522913AAF0012EC4E /* Hotkeyz */ = {isa = PBXFileReference; explicitFileType = "compiled.mach-o.executable"; includeInIndex = 0; path = Hotkeyz; sourceTree = BUILT_PRODUCTS_DIR; };
		FD89F86622913F2A0012EC4E /* main.cpp */ = {isa = PBXFileReference; lastKnownFileType = sourcecode.cpp.cpp; path = main.cpp; sourceTree = "<group>"; };
		FD89F90522914A070012EC4E /* Frameworks */ = {isa = PBXFileReference; lastKnownFileType = folder; path = Frameworks; sourceTree = "<group>"; };
		FD89F91A229157CB0012EC4E /* Info.plist */ = {isa = PBXFileReference; lastKnownFileType = text.plist.xml; path = Info.plist; sourceTree = "<group>"; };
		FD89F92322915B5D0012EC4E /* Resources */ = {isa = PBXFileReference; lastKnownFileType = folder; path = Resources; sourceTree = "<group>"; };
		FDC7269022915C1300976335 /* SDL2_ttf.framework */ = {isa = PBXFileReference; lastKnownFileType = wrapper.framework; name = SDL2_ttf.framework; path = Frameworks/SDL2_ttf.framework; sourceTree = "<group>"; };
		FDC7269122915C1300976335 /* SDL2.framework */ = {isa = PBXFileReference; lastKnownFileType = wrapper.framework; name = SDL2.framework; path = Frameworks/SDL2.framework; sourceTree = "<group>"; };
		FDC7269222915C1300976335 /* SDL2_image.framework */ = {isa = PBXFileReference; lastKnownFileType = wrapper.framework; name = SDL2_image.framework; path = Frameworks/SDL2_image.framework; sourceTree = "<group>"; };
		FDC7269322915C1300976335 /* SDL2_mixer.framework */ = {isa = PBXFileReference; lastKnownFileType = wrapper.framework; name = SDL2_mixer.framework; path = Frameworks/SDL2_mixer.framework; sourceTree = "<group>"; };
/* End PBXFileReference section */

/* Begin PBXFrameworksBuildPhase section */
		FD89F84222913AAF0012EC4E /* Frameworks */ = {
			isa = PBXFrameworksBuildPhase;
			buildActionMask = 2147483647;
			files = (
				FDC7269422915C1300976335 /* SDL2_ttf.framework in Frameworks */,
				FDC7269522915C1300976335 /* SDL2.framework in Frameworks */,
				FDC7269622915C1300976335 /* SDL2_image.framework in Frameworks */,
				FDC7269722915C1300976335 /* SDL2_mixer.framework in Frameworks */,
			);
			runOnlyForDeploymentPostprocessing = 0;
		};
/* End PBXFrameworksBuildPhase section */

/* Begin PBXGroup section */
		FD89F83C22913AAF0012EC4E = {
			isa = PBXGroup;
			children = (
				FD89F92322915B5D0012EC4E /* Resources */,
				FD89F919229157CB0012EC4E /* HotkeyzBundle */,
				FD89F90522914A070012EC4E /* Frameworks */,
				FD89F84722913AAF0012EC4E /* Hotkeyz */,
				FD89F84622913AAF0012EC4E /* Products */,
				FD89F84F22913B8E0012EC4E /* Frameworks */,
			);
			sourceTree = "<group>";
		};
		FD89F84622913AAF0012EC4E /* Products */ = {
			isa = PBXGroup;
			children = (
				FD89F84522913AAF0012EC4E /* Hotkeyz */,
			);
			name = Products;
			sourceTree = "<group>";
		};
		FD89F84722913AAF0012EC4E /* Hotkeyz */ = {
			isa = PBXGroup;
			children = (
				FD89F86622913F2A0012EC4E /* main.cpp */,
			);
			path = Hotkeyz;
			sourceTree = "<group>";
		};
		FD89F84F22913B8E0012EC4E /* Frameworks */ = {
			isa = PBXGroup;
			children = (
				FDC7269222915C1300976335 /* SDL2_image.framework */,
				FDC7269322915C1300976335 /* SDL2_mixer.framework */,
				FDC7269022915C1300976335 /* SDL2_ttf.framework */,
				FDC7269122915C1300976335 /* SDL2.framework */,
			);
			name = Frameworks;
			sourceTree = "<group>";
		};
		FD89F919229157CB0012EC4E /* HotkeyzBundle */ = {
			isa = PBXGroup;
			children = (
				FD89F91A229157CB0012EC4E /* Info.plist */,
			);
			path = HotkeyzBundle;
			sourceTree = "<group>";
		};
/* End PBXGroup section */

/* Begin PBXNativeTarget section */
		FD89F84422913AAF0012EC4E /* Hotkeyz */ = {
			isa = PBXNativeTarget;
			buildConfigurationList = FD89F84C22913AAF0012EC4E /* Build configuration list for PBXNativeTarget "Hotkeyz" */;
			buildPhases = (
				FD89F84122913AAF0012EC4E /* Sources */,
				FD89F84222913AAF0012EC4E /* Frameworks */,
				FD89F84322913AAF0012EC4E /* Copy Files (Frameworks) */,
				FDC726A9229164E400976335 /* Copy Files (Resources) */,
			);
			buildRules = (
			);
			dependencies = (
			);
			name = Hotkeyz;
			productName = Hotkeyz;
			productReference = FD89F84522913AAF0012EC4E /* Hotkeyz */;
			productType = "com.apple.product-type.tool";
		};
/* End PBXNativeTarget section */

/* Begin PBXProject section */
		FD89F83D22913AAF0012EC4E /* Project object */ = {
			isa = PBXProject;
			attributes = {
				KnownAssetTags = (
					New,
				);
				LastUpgradeCheck = 1020;
				ORGANIZATIONNAME = "Divye Kapoor";
				TargetAttributes = {
					FD89F84422913AAF0012EC4E = {
						CreatedOnToolsVersion = 10.2.1;
					};
				};
			};
			buildConfigurationList = FD89F84022913AAF0012EC4E /* Build configuration list for PBXProject "Hotkeyz" */;
			compatibilityVersion = "Xcode 9.3";
			developmentRegion = en;
			hasScannedForEncodings = 0;
			knownRegions = (
				en,
			);
			mainGroup = FD89F83C22913AAF0012EC4E;
			productRefGroup = FD89F84622913AAF0012EC4E /* Products */;
			projectDirPath = "";
			projectRoot = "";
			targets = (
				FD89F84422913AAF0012EC4E /* Hotkeyz */,
			);
		};
/* End PBXProject section */

/* Begin PBXSourcesBuildPhase section */
		FD89F84122913AAF0012EC4E /* Sources */ = {
			isa = PBXSourcesBuildPhase;
			buildActionMask = 2147483647;
			files = (
				FD89F86722913F2A0012EC4E /* main.cpp in Sources */,
			);
			runOnlyForDeploymentPostprocessing = 0;
		};
/* End PBXSourcesBuildPhase section */

/* Begin XCBuildConfiguration section */
		FD89F84A22913AAF0012EC4E /* Debug */ = {
			isa = XCBuildConfiguration;
			buildSettings = {
				ALWAYS_SEARCH_USER_PATHS = NO;
				CLANG_ANALYZER_NONNULL = YES;
				CLANG_ANALYZER_NUMBER_OBJECT_CONVERSION = YES_AGGRESSIVE;
				CLANG_CXX_LANGUAGE_STANDARD = "gnu++14";
				CLANG_CXX_LIBRARY = "libc++";
				CLANG_ENABLE_MODULES = YES;
				CLANG_ENABLE_OBJC_ARC = YES;
				CLANG_ENABLE_OBJC_WEAK = YES;
				CLANG_WARN_BLOCK_CAPTURE_AUTORELEASING = YES;
				CLANG_WARN_BOOL_CONVERSION = YES;
				CLANG_WARN_COMMA = YES;
				CLANG_WARN_CONSTANT_CONVERSION = YES;
				CLANG_WARN_DEPRECATED_OBJC_IMPLEMENTATIONS = YES;
				CLANG_WARN_DIRECT_OBJC_ISA_USAGE = YES_ERROR;
				CLANG_WARN_DOCUMENTATION_COMMENTS = YES;
				CLANG_WARN_EMPTY_BODY = YES;
				CLANG_WARN_ENUM_CONVERSION = YES;
				CLANG_WARN_INFINITE_RECURSION = YES;
				CLANG_WARN_INT_CONVERSION = YES;
				CLANG_WARN_NON_LITERAL_NULL_CONVERSION = YES;
				CLANG_WARN_OBJC_IMPLICIT_RETAIN_SELF = YES;
				CLANG_WARN_OBJC_LITERAL_CONVERSION = YES;
				CLANG_WARN_OBJC_ROOT_CLASS = YES_ERROR;
				CLANG_WARN_RANGE_LOOP_ANALYSIS = YES;
				CLANG_WARN_STRICT_PROTOTYPES = YES;
				CLANG_WARN_SUSPICIOUS_MOVE = YES;
				CLANG_WARN_UNGUARDED_AVAILABILITY = YES_AGGRESSIVE;
				CLANG_WARN_UNREACHABLE_CODE = YES;
				CLANG_WARN__DUPLICATE_METHOD_MATCH = YES;
				CODE_SIGN_IDENTITY = "-";
				COPY_PHASE_STRIP = NO;
				DEBUG_INFORMATION_FORMAT = dwarf;
				DEPLOYMENT_POSTPROCESSING = NO;
				EMBED_ASSET_PACKS_IN_PRODUCT_BUNDLE = YES;
				ENABLE_STRICT_OBJC_MSGSEND = YES;
				ENABLE_TESTABILITY = YES;
				"FRAMEWORK_SEARCH_PATHS[arch=*]" = "@executable_path/Frameworks";
				GCC_C_LANGUAGE_STANDARD = gnu11;
				GCC_DYNAMIC_NO_PIC = NO;
				GCC_NO_COMMON_BLOCKS = YES;
				GCC_OPTIMIZATION_LEVEL = 0;
				GCC_PREPROCESSOR_DEFINITIONS = (
					"DEBUG=1",
					"$(inherited)",
				);
				GCC_WARN_64_TO_32_BIT_CONVERSION = YES;
				GCC_WARN_ABOUT_RETURN_TYPE = YES_ERROR;
				GCC_WARN_UNDECLARED_SELECTOR = YES;
				GCC_WARN_UNINITIALIZED_AUTOS = YES_AGGRESSIVE;
				GCC_WARN_UNUSED_FUNCTION = YES;
				GCC_WARN_UNUSED_VARIABLE = YES;
				"LD_RUNPATH_SEARCH_PATHS[arch=*]" = "@executable_path/Frameworks";
				MACOSX_DEPLOYMENT_TARGET = 10.14;
				MTL_ENABLE_DEBUG_INFO = INCLUDE_SOURCE;
				MTL_FAST_MATH = YES;
				ONLY_ACTIVE_ARCH = YES;
				SDKROOT = macosx;
			};
			name = Debug;
		};
		FD89F84B22913AAF0012EC4E /* Release */ = {
			isa = XCBuildConfiguration;
			buildSettings = {
				ALWAYS_SEARCH_USER_PATHS = NO;
				CLANG_ANALYZER_NONNULL = YES;
				CLANG_ANALYZER_NUMBER_OBJECT_CONVERSION = YES_AGGRESSIVE;
				CLANG_CXX_LANGUAGE_STANDARD = "gnu++14";
				CLANG_CXX_LIBRARY = "libc++";
				CLANG_ENABLE_MODULES = YES;
				CLANG_ENABLE_OBJC_ARC = YES;
				CLANG_ENABLE_OBJC_WEAK = YES;
				CLANG_WARN_BLOCK_CAPTURE_AUTORELEASING = YES;
				CLANG_WARN_BOOL_CONVERSION = YES;
				CLANG_WARN_COMMA = YES;
				CLANG_WARN_CONSTANT_CONVERSION = YES;
				CLANG_WARN_DEPRECATED_OBJC_IMPLEMENTATIONS = YES;
				CLANG_WARN_DIRECT_OBJC_ISA_USAGE = YES_ERROR;
				CLANG_WARN_DOCUMENTATION_COMMENTS = YES;
				CLANG_WARN_EMPTY_BODY = YES;
				CLANG_WARN_ENUM_CONVERSION = YES;
				CLANG_WARN_INFINITE_RECURSION = YES;
				CLANG_WARN_INT_CONVERSION = YES;
				CLANG_WARN_NON_LITERAL_NULL_CONVERSION = YES;
				CLANG_WARN_OBJC_IMPLICIT_RETAIN_SELF = YES;
				CLANG_WARN_OBJC_LITERAL_CONVERSION = YES;
				CLANG_WARN_OBJC_ROOT_CLASS = YES_ERROR;
				CLANG_WARN_RANGE_LOOP_ANALYSIS = YES;
				CLANG_WARN_STRICT_PROTOTYPES = YES;
				CLANG_WARN_SUSPICIOUS_MOVE = YES;
				CLANG_WARN_UNGUARDED_AVAILABILITY = YES_AGGRESSIVE;
				CLANG_WARN_UNREACHABLE_CODE = YES;
				CLANG_WARN__DUPLICATE_METHOD_MATCH = YES;
				CODE_SIGN_IDENTITY = "-";
				COPY_PHASE_STRIP = NO;
				DEBUG_INFORMATION_FORMAT = "dwarf-with-dsym";
				DEPLOYMENT_POSTPROCESSING = NO;
				EMBED_ASSET_PACKS_IN_PRODUCT_BUNDLE = YES;
				ENABLE_NS_ASSERTIONS = NO;
				ENABLE_STRICT_OBJC_MSGSEND = YES;
				"FRAMEWORK_SEARCH_PATHS[arch=*]" = "@executable_path/Frameworks";
				GCC_C_LANGUAGE_STANDARD = gnu11;
				GCC_NO_COMMON_BLOCKS = YES;
				GCC_WARN_64_TO_32_BIT_CONVERSION = YES;
				GCC_WARN_ABOUT_RETURN_TYPE = YES_ERROR;
				GCC_WARN_UNDECLARED_SELECTOR = YES;
				GCC_WARN_UNINITIALIZED_AUTOS = YES_AGGRESSIVE;
				GCC_WARN_UNUSED_FUNCTION = YES;
				GCC_WARN_UNUSED_VARIABLE = YES;
				"LD_RUNPATH_SEARCH_PATHS[arch=*]" = "@executable_path/Frameworks";
				MACOSX_DEPLOYMENT_TARGET = 10.14;
				MTL_ENABLE_DEBUG_INFO = NO;
				MTL_FAST_MATH = YES;
				SDKROOT = macosx;
			};
			name = Release;
		};
		FD89F84D22913AAF0012EC4E /* Debug */ = {
			isa = XCBuildConfiguration;
			buildSettings = {
				CODE_SIGN_STYLE = Automatic;
				FRAMEWORK_SEARCH_PATHS = (
					"$(inherited)",
					"$(PROJECT_DIR)",
					"$(PROJECT_DIR)/Frameworks",
				);
				PRODUCT_NAME = "$(TARGET_NAME)";
			};
			name = Debug;
		};
		FD89F84E22913AAF0012EC4E /* Release */ = {
			isa = XCBuildConfiguration;
			buildSettings = {
				CODE_SIGN_STYLE = Automatic;
				FRAMEWORK_SEARCH_PATHS = (
					"$(inherited)",
					"$(PROJECT_DIR)",
					"$(PROJECT_DIR)/Frameworks",
				);
				PRODUCT_NAME = "$(TARGET_NAME)";
			};
			name = Release;
		};
/* End XCBuildConfiguration section */

/* Begin XCConfigurationList section */
		FD89F84022913AAF0012EC4E /* Build configuration list for PBXProject "Hotkeyz" */ = {
			isa = XCConfigurationList;
			buildConfigurations = (
				FD89F84A22913AAF0012EC4E /* Debug */,
				FD89F84B22913AAF0012EC4E /* Release */,
			);
			defaultConfigurationIsVisible = 0;
			defaultConfigurationName = Release;
		};
		FD89F84C22913AAF0012EC4E /* Build configuration list for PBXNativeTarget "Hotkeyz" */ = {
			isa = XCConfigurationList;
			buildConfigurations = (
				FD89F84D22913AAF0012EC4E /* Debug */,
				FD89F84E22913AAF0012EC4E /* Release */,
			);
			defaultConfigurationIsVisible = 0;
			defaultConfigurationName = Release;
		};
/* End XCConfigurationList section */
	};
	rootObject = FD89F83D22913AAF0012EC4E /* Project object */;
}
