// !$*UTF8*$!
{
	archiveVersion = 1;
	classes = {
	};
	objectVersion = 45;
	objects = {

/* Begin PBXBuildFile section */
		350991E21AAAAFB300F8DF8F /* Cocoa.framework in Frameworks */ = {isa = PBXBuildFile; fileRef = 350991E11AAAAFB300F8DF8F /* Cocoa.framework */; };
		35647FA0183B0D71006DAAF4 /* SDL_ttf.framework in Frameworks */ = {isa = PBXBuildFile; fileRef = 35647F9F183B0D71006DAAF4 /* SDL_ttf.framework */; };
		35BCB015196A644600A20B8A /* SDL_mixer.framework in Frameworks */ = {isa = PBXBuildFile; fileRef = 35BCB014196A644600A20B8A /* SDL_mixer.framework */; };
		35CFF5531839E58300909116 /* SDL_image.framework in Frameworks */ = {isa = PBXBuildFile; fileRef = 35CFF5521839E58300909116 /* SDL_image.framework */; };
		35F1BD39183869FA0064F394 /* SDL.framework in Frameworks */ = {isa = PBXBuildFile; fileRef = 35F1BD38183869FA0064F394 /* SDL.framework */; };
		35F1BD3E18386A9F0064F394 /* SDLMain.m in Sources */ = {isa = PBXBuildFile; fileRef = 35F1BD3D18386A9F0064F394 /* SDLMain.m */; };
		8DD76F650486A84900D96B5E /* main.cpp in Sources */ = {isa = PBXBuildFile; fileRef = 08FB7796FE84155DC02AAC07 /* main.cpp */; settings = {ATTRIBUTES = (); }; };
		8DD76F6A0486A84900D96B5E /* SDL_Template2.1 in CopyFiles */ = {isa = PBXBuildFile; fileRef = C6859E8B029090EE04C91782 /* SDL_Template2.1 */; };
/* End PBXBuildFile section */

/* Begin PBXCopyFilesBuildPhase section */
		8DD76F690486A84900D96B5E /* CopyFiles */ = {
			isa = PBXCopyFilesBuildPhase;
			buildActionMask = 8;
			dstPath = /usr/share/man/man1/;
			dstSubfolderSpec = 0;
			files = (
				8DD76F6A0486A84900D96B5E /* SDL_Template2.1 in CopyFiles */,
			);
			runOnlyForDeploymentPostprocessing = 1;
		};
/* End PBXCopyFilesBuildPhase section */

/* Begin PBXFileReference section */
		08FB7796FE84155DC02AAC07 /* main.cpp */ = {isa = PBXFileReference; fileEncoding = 4; lastKnownFileType = sourcecode.cpp.cpp; path = main.cpp; sourceTree = "<group>"; };
		0C163213227E7678001F2852 /* wave4a.png */ = {isa = PBXFileReference; lastKnownFileType = image.png; name = wave4a.png; path = build/Debug/wave4a.png; sourceTree = "<group>"; };
		0C163214227E7679001F2852 /* key1.png */ = {isa = PBXFileReference; lastKnownFileType = image.png; name = key1.png; path = build/Debug/key1.png; sourceTree = "<group>"; };
		0C163215227E7679001F2852 /* opt_tab.png */ = {isa = PBXFileReference; lastKnownFileType = image.png; name = opt_tab.png; path = build/Debug/opt_tab.png; sourceTree = "<group>"; };
		0C163216227E7679001F2852 /* ctrl8.png */ = {isa = PBXFileReference; lastKnownFileType = image.png; name = ctrl8.png; path = build/Debug/ctrl8.png; sourceTree = "<group>"; };
		0C163217227E7679001F2852 /* scReview6b.png */ = {isa = PBXFileReference; lastKnownFileType = image.png; name = scReview6b.png; path = build/Debug/scReview6b.png; sourceTree = "<group>"; };
		0C163218227E7679001F2852 /* background1_ws.png */ = {isa = PBXFileReference; lastKnownFileType = image.png; name = background1_ws.png; path = build/Debug/background1_ws.png; sourceTree = "<group>"; };
		0C163219227E7679001F2852 /* csMusicA.wav */ = {isa = PBXFileReference; lastKnownFileType = audio.wav; name = csMusicA.wav; path = build/Debug/csMusicA.wav; sourceTree = "<group>"; };
		0C16321A227E767A001F2852 /* review7.png */ = {isa = PBXFileReference; lastKnownFileType = image.png; name = review7.png; path = build/Debug/review7.png; sourceTree = "<group>"; };
		0C16321B227E767A001F2852 /* BGmusic1_fastest.wav */ = {isa = PBXFileReference; lastKnownFileType = audio.wav; name = BGmusic1_fastest.wav; path = build/Debug/BGmusic1_fastest.wav; sourceTree = "<group>"; };
		0C16321C227E767A001F2852 /* wave2d.png */ = {isa = PBXFileReference; lastKnownFileType = image.png; name = wave2d.png; path = build/Debug/wave2d.png; sourceTree = "<group>"; };
		0C16321D227E767A001F2852 /* ctrl7.png */ = {isa = PBXFileReference; lastKnownFileType = image.png; name = ctrl7.png; path = build/Debug/ctrl7.png; sourceTree = "<group>"; };
		0C16321E227E767A001F2852 /* oneUp2a.wav */ = {isa = PBXFileReference; lastKnownFileType = audio.wav; name = oneUp2a.wav; path = build/Debug/oneUp2a.wav; sourceTree = "<group>"; };
		0C16321F227E767B001F2852 /* shftS.png */ = {isa = PBXFileReference; lastKnownFileType = image.png; name = shftS.png; path = build/Debug/shftS.png; sourceTree = "<group>"; };
		0C163220227E767B001F2852 /* ctrlP.png */ = {isa = PBXFileReference; lastKnownFileType = image.png; name = ctrlP.png; path = build/Debug/ctrlP.png; sourceTree = "<group>"; };
		0C163221227E767B001F2852 /* key9b.png */ = {isa = PBXFileReference; lastKnownFileType = image.png; name = key9b.png; path = build/Debug/key9b.png; sourceTree = "<group>"; };
		0C163222227E767B001F2852 /* key11b.png */ = {isa = PBXFileReference; lastKnownFileType = image.png; name = key11b.png; path = build/Debug/key11b.png; sourceTree = "<group>"; };
		0C163223227E767B001F2852 /* scReview7a.png */ = {isa = PBXFileReference; lastKnownFileType = image.png; name = scReview7a.png; path = build/Debug/scReview7a.png; sourceTree = "<group>"; };
		0C163224227E767B001F2852 /* scBackground_die.png */ = {isa = PBXFileReference; lastKnownFileType = image.png; name = scBackground_die.png; path = build/Debug/scBackground_die.png; sourceTree = "<group>"; };
		0C163225227E767C001F2852 /* ctrl_comma.png */ = {isa = PBXFileReference; lastKnownFileType = image.png; name = ctrl_comma.png; path = build/Debug/ctrl_comma.png; sourceTree = "<group>"; };
		0C163226227E767C001F2852 /* BGmusic1_faster.wav */ = {isa = PBXFileReference; lastKnownFileType = audio.wav; name = BGmusic1_faster.wav; path = build/Debug/BGmusic1_faster.wav; sourceTree = "<group>"; };
		0C163227227E767C001F2852 /* key6b.png */ = {isa = PBXFileReference; lastKnownFileType = image.png; name = key6b.png; path = build/Debug/key6b.png; sourceTree = "<group>"; };
		0C163228227E767C001F2852 /* deathSound.wav */ = {isa = PBXFileReference; lastKnownFileType = audio.wav; name = deathSound.wav; path = build/Debug/deathSound.wav; sourceTree = "<group>"; };
		0C163229227E767C001F2852 /* BGmusic1.wav */ = {isa = PBXFileReference; lastKnownFileType = audio.wav; name = BGmusic1.wav; path = build/Debug/BGmusic1.wav; sourceTree = "<group>"; };
		0C16322A227E767C001F2852 /* ctrl_period.png */ = {isa = PBXFileReference; lastKnownFileType = image.png; name = ctrl_period.png; path = build/Debug/ctrl_period.png; sourceTree = "<group>"; };
		0C16322B227E767D001F2852 /* opt_openBracket.png */ = {isa = PBXFileReference; lastKnownFileType = image.png; name = opt_openBracket.png; path = build/Debug/opt_openBracket.png; sourceTree = "<group>"; };
		0C16322C227E767D001F2852 /* tab.png */ = {isa = PBXFileReference; lastKnownFileType = image.png; name = tab.png; path = build/Debug/tab.png; sourceTree = "<group>"; };
		0C16322D227E767D001F2852 /* ctrl6.png */ = {isa = PBXFileReference; lastKnownFileType = image.png; name = ctrl6.png; path = build/Debug/ctrl6.png; sourceTree = "<group>"; };
		0C16322E227E767D001F2852 /* key5.png */ = {isa = PBXFileReference; lastKnownFileType = image.png; name = key5.png; path = build/Debug/key5.png; sourceTree = "<group>"; };
		0C16322F227E767D001F2852 /* warning.png */ = {isa = PBXFileReference; lastKnownFileType = image.png; name = warning.png; path = build/Debug/warning.png; sourceTree = "<group>"; };
		0C163230227E767D001F2852 /* key15.png */ = {isa = PBXFileReference; lastKnownFileType = image.png; name = key15.png; path = build/Debug/key15.png; sourceTree = "<group>"; };
		0C163231227E767E001F2852 /* wave3a.png */ = {isa = PBXFileReference; lastKnownFileType = image.png; name = wave3a.png; path = build/Debug/wave3a.png; sourceTree = "<group>"; };
		0C163232227E767E001F2852 /* yayBG.png */ = {isa = PBXFileReference; lastKnownFileType = image.png; name = yayBG.png; path = build/Debug/yayBG.png; sourceTree = "<group>"; };
		0C163233227E767E001F2852 /* succeed.wav */ = {isa = PBXFileReference; lastKnownFileType = audio.wav; name = succeed.wav; path = build/Debug/succeed.wav; sourceTree = "<group>"; };
		0C163234227E767F001F2852 /* wave4c.png */ = {isa = PBXFileReference; lastKnownFileType = image.png; name = wave4c.png; path = build/Debug/wave4c.png; sourceTree = "<group>"; };
		0C163235227E767F001F2852 /* finale1b.wav */ = {isa = PBXFileReference; lastKnownFileType = audio.wav; name = finale1b.wav; path = build/Debug/finale1b.wav; sourceTree = "<group>"; };
		0C163236227E767F001F2852 /* key12b.png */ = {isa = PBXFileReference; lastKnownFileType = image.png; name = key12b.png; path = build/Debug/key12b.png; sourceTree = "<group>"; };
		0C163237227E767F001F2852 /* f2.png */ = {isa = PBXFileReference; lastKnownFileType = image.png; name = f2.png; path = build/Debug/f2.png; sourceTree = "<group>"; };
		0C163238227E767F001F2852 /* scReview6.png */ = {isa = PBXFileReference; lastKnownFileType = image.png; name = scReview6.png; path = build/Debug/scReview6.png; sourceTree = "<group>"; };
		0C163239227E767F001F2852 /* key11.png */ = {isa = PBXFileReference; lastKnownFileType = image.png; name = key11.png; path = build/Debug/key11.png; sourceTree = "<group>"; };
		0C16323A227E7680001F2852 /* startSound.wav */ = {isa = PBXFileReference; lastKnownFileType = audio.wav; name = startSound.wav; path = build/Debug/startSound.wav; sourceTree = "<group>"; };
		0C16323B227E7680001F2852 /* opt_KPminus.png */ = {isa = PBXFileReference; lastKnownFileType = image.png; name = opt_KPminus.png; path = build/Debug/opt_KPminus.png; sourceTree = "<group>"; };
		0C16323C227E7680001F2852 /* f3.png */ = {isa = PBXFileReference; lastKnownFileType = image.png; name = f3.png; path = build/Debug/f3.png; sourceTree = "<group>"; };
		0C16323D227E7680001F2852 /* key5b.png */ = {isa = PBXFileReference; lastKnownFileType = image.png; name = key5b.png; path = build/Debug/key5b.png; sourceTree = "<group>"; };
		0C16323E227E7680001F2852 /* pause1.png */ = {isa = PBXFileReference; lastKnownFileType = image.png; name = pause1.png; path = build/Debug/pause1.png; sourceTree = "<group>"; };
		0C16323F227E7680001F2852 /* key6.png */ = {isa = PBXFileReference; lastKnownFileType = image.png; name = key6.png; path = build/Debug/key6.png; sourceTree = "<group>"; };
		0C163240227E7681001F2852 /* wave3d.png */ = {isa = PBXFileReference; lastKnownFileType = image.png; name = wave3d.png; path = build/Debug/wave3d.png; sourceTree = "<group>"; };
		0C163241227E7681001F2852 /* ctrl_down.png */ = {isa = PBXFileReference; lastKnownFileType = image.png; name = ctrl_down.png; path = build/Debug/ctrl_down.png; sourceTree = "<group>"; };
		0C163242227E7681001F2852 /* ban.png */ = {isa = PBXFileReference; lastKnownFileType = image.png; name = ban.png; path = build/Debug/ban.png; sourceTree = "<group>"; };
		0C163243227E7681001F2852 /* wave3c.png */ = {isa = PBXFileReference; lastKnownFileType = image.png; name = wave3c.png; path = build/Debug/wave3c.png; sourceTree = "<group>"; };
		0C163244227E7681001F2852 /* key4.png */ = {isa = PBXFileReference; lastKnownFileType = image.png; name = key4.png; path = build/Debug/key4.png; sourceTree = "<group>"; };
		0C163245227E7681001F2852 /* f1.png */ = {isa = PBXFileReference; lastKnownFileType = image.png; name = f1.png; path = build/Debug/f1.png; sourceTree = "<group>"; };
		0C163246227E7682001F2852 /* finale2.wav */ = {isa = PBXFileReference; lastKnownFileType = audio.wav; name = finale2.wav; path = build/Debug/finale2.wav; sourceTree = "<group>"; };
		0C163247227E7682001F2852 /* cmdG.png */ = {isa = PBXFileReference; lastKnownFileType = image.png; name = cmdG.png; path = build/Debug/cmdG.png; sourceTree = "<group>"; };
		0C163248227E7682001F2852 /* key1b.png */ = {isa = PBXFileReference; lastKnownFileType = image.png; name = key1b.png; path = build/Debug/key1b.png; sourceTree = "<group>"; };
		0C163249227E7682001F2852 /* ctrl9.png */ = {isa = PBXFileReference; lastKnownFileType = image.png; name = ctrl9.png; path = build/Debug/ctrl9.png; sourceTree = "<group>"; };
		0C16324A227E7682001F2852 /* key8b.png */ = {isa = PBXFileReference; lastKnownFileType = image.png; name = key8b.png; path = build/Debug/key8b.png; sourceTree = "<group>"; };
		0C16324B227E7682001F2852 /* scReview7b.png */ = {isa = PBXFileReference; lastKnownFileType = image.png; name = scReview7b.png; path = build/Debug/scReview7b.png; sourceTree = "<group>"; };
		0C16324C227E7683001F2852 /* BGmusic2a.wav */ = {isa = PBXFileReference; lastKnownFileType = audio.wav; name = BGmusic2a.wav; path = build/Debug/BGmusic2a.wav; sourceTree = "<group>"; };
		0C16324D227E7683001F2852 /* booBG.png */ = {isa = PBXFileReference; lastKnownFileType = image.png; name = booBG.png; path = build/Debug/booBG.png; sourceTree = "<group>"; };
		0C16324E227E7683001F2852 /* SDL_Template2 */ = {isa = PBXFileReference; lastKnownFileType = "compiled.mach-o.executable"; name = SDL_Template2; path = build/Debug/SDL_Template2; sourceTree = "<group>"; };
		0C16324F227E7684001F2852 /* startSound2.wav */ = {isa = PBXFileReference; lastKnownFileType = audio.wav; name = startSound2.wav; path = build/Debug/startSound2.wav; sourceTree = "<group>"; };
		0C163250227E7684001F2852 /* opt_return.png */ = {isa = PBXFileReference; lastKnownFileType = image.png; name = opt_return.png; path = build/Debug/opt_return.png; sourceTree = "<group>"; };
		0C163251227E7684001F2852 /* finaleMusic1_fastest.wav */ = {isa = PBXFileReference; lastKnownFileType = audio.wav; name = finaleMusic1_fastest.wav; path = build/Debug/finaleMusic1_fastest.wav; sourceTree = "<group>"; };
		0C163252227E7684001F2852 /* key2b.png */ = {isa = PBXFileReference; lastKnownFileType = image.png; name = key2b.png; path = build/Debug/key2b.png; sourceTree = "<group>"; };
		0C163253227E7684001F2852 /* reviewMusic1.wav */ = {isa = PBXFileReference; lastKnownFileType = audio.wav; name = reviewMusic1.wav; path = build/Debug/reviewMusic1.wav; sourceTree = "<group>"; };
		0C163254227E7684001F2852 /* Arial Bold.ttf */ = {isa = PBXFileReference; lastKnownFileType = file; name = "Arial Bold.ttf"; path = "build/Debug/Arial Bold.ttf"; sourceTree = "<group>"; };
		0C163255227E7685001F2852 /* cmdShft_N.png */ = {isa = PBXFileReference; lastKnownFileType = image.png; name = cmdShft_N.png; path = build/Debug/cmdShft_N.png; sourceTree = "<group>"; };
		0C163256227E7685001F2852 /* pause2.png */ = {isa = PBXFileReference; lastKnownFileType = image.png; name = pause2.png; path = build/Debug/pause2.png; sourceTree = "<group>"; };
		0C163257227E7685001F2852 /* ctrl_semicolon.png */ = {isa = PBXFileReference; lastKnownFileType = image.png; name = ctrl_semicolon.png; path = build/Debug/ctrl_semicolon.png; sourceTree = "<group>"; };
		0C163258227E7685001F2852 /* ctrl_R.png */ = {isa = PBXFileReference; lastKnownFileType = image.png; name = ctrl_R.png; path = build/Debug/ctrl_R.png; sourceTree = "<group>"; };
		0C163259227E7685001F2852 /* dieBG.png */ = {isa = PBXFileReference; lastKnownFileType = image.png; name = dieBG.png; path = build/Debug/dieBG.png; sourceTree = "<group>"; };
		0C16325A227E7685001F2852 /* review2.png */ = {isa = PBXFileReference; lastKnownFileType = image.png; name = review2.png; path = build/Debug/review2.png; sourceTree = "<group>"; };
		0C16325B227E7686001F2852 /* scReview7bB.png */ = {isa = PBXFileReference; lastKnownFileType = image.png; name = scReview7bB.png; path = build/Debug/scReview7bB.png; sourceTree = "<group>"; };
		0C16325C227E7686001F2852 /* cmd6.png */ = {isa = PBXFileReference; lastKnownFileType = image.png; name = cmd6.png; path = build/Debug/cmd6.png; sourceTree = "<group>"; };
		0C16325D227E7686001F2852 /* cmd_equal.png */ = {isa = PBXFileReference; lastKnownFileType = image.png; name = cmd_equal.png; path = build/Debug/cmd_equal.png; sourceTree = "<group>"; };
		0C16325E227E7686001F2852 /* laptop.png */ = {isa = PBXFileReference; lastKnownFileType = image.png; name = laptop.png; path = build/Debug/laptop.png; sourceTree = "<group>"; };
		0C16325F227E7686001F2852 /* badFinale2.wav */ = {isa = PBXFileReference; lastKnownFileType = audio.wav; name = badFinale2.wav; path = build/Debug/badFinale2.wav; sourceTree = "<group>"; };
		0C163260227E7686001F2852 /* reviewMusic2.wav */ = {isa = PBXFileReference; lastKnownFileType = audio.wav; name = reviewMusic2.wav; path = build/Debug/reviewMusic2.wav; sourceTree = "<group>"; };
		0C163261227E7687001F2852 /* scGoodSound.wav */ = {isa = PBXFileReference; lastKnownFileType = audio.wav; name = scGoodSound.wav; path = build/Debug/scGoodSound.wav; sourceTree = "<group>"; };
		0C163262227E7687001F2852 /* wave2c.png */ = {isa = PBXFileReference; lastKnownFileType = image.png; name = wave2c.png; path = build/Debug/wave2c.png; sourceTree = "<group>"; };
		0C163263227E7687001F2852 /* finale1_faster.wav */ = {isa = PBXFileReference; lastKnownFileType = audio.wav; name = finale1_faster.wav; path = build/Debug/finale1_faster.wav; sourceTree = "<group>"; };
		0C163264227E7687001F2852 /* failB.wav */ = {isa = PBXFileReference; lastKnownFileType = audio.wav; name = failB.wav; path = build/Debug/failB.wav; sourceTree = "<group>"; };
		0C163265227E7687001F2852 /* ctrlB.png */ = {isa = PBXFileReference; lastKnownFileType = image.png; name = ctrlB.png; path = build/Debug/ctrlB.png; sourceTree = "<group>"; };
		0C163266227E7688001F2852 /* keyboard_prompt.png */ = {isa = PBXFileReference; lastKnownFileType = image.png; name = keyboard_prompt.png; path = build/Debug/keyboard_prompt.png; sourceTree = "<group>"; };
		0C163267227E7688001F2852 /* cs_frame.png */ = {isa = PBXFileReference; lastKnownFileType = image.png; name = cs_frame.png; path = build/Debug/cs_frame.png; sourceTree = "<group>"; };
		0C163268227E7688001F2852 /* review1.png */ = {isa = PBXFileReference; lastKnownFileType = image.png; name = review1.png; path = build/Debug/review1.png; sourceTree = "<group>"; };
		0C163269227E7688001F2852 /* scReview5b.png */ = {isa = PBXFileReference; lastKnownFileType = image.png; name = scReview5b.png; path = build/Debug/scReview5b.png; sourceTree = "<group>"; };
		0C16326A227E7688001F2852 /* wave4b.png */ = {isa = PBXFileReference; lastKnownFileType = image.png; name = wave4b.png; path = build/Debug/wave4b.png; sourceTree = "<group>"; };
		0C16326B227E7688001F2852 /* review5.png */ = {isa = PBXFileReference; lastKnownFileType = image.png; name = review5.png; path = build/Debug/review5.png; sourceTree = "<group>"; };
		0C16326C227E7689001F2852 /* wave1b.png */ = {isa = PBXFileReference; lastKnownFileType = image.png; name = wave1b.png; path = build/Debug/wave1b.png; sourceTree = "<group>"; };
		0C16326D227E7689001F2852 /* scBadSound.wav */ = {isa = PBXFileReference; lastKnownFileType = audio.wav; name = scBadSound.wav; path = build/Debug/scBadSound.wav; sourceTree = "<group>"; };
		0C16326E227E7689001F2852 /* ctrl_tab.png */ = {isa = PBXFileReference; lastKnownFileType = image.png; name = ctrl_tab.png; path = build/Debug/ctrl_tab.png; sourceTree = "<group>"; };
		0C16326F227E7689001F2852 /* cmd7.png */ = {isa = PBXFileReference; lastKnownFileType = image.png; name = cmd7.png; path = build/Debug/cmd7.png; sourceTree = "<group>"; };
		0C163270227E7689001F2852 /* ctrlOpt_tab.png */ = {isa = PBXFileReference; lastKnownFileType = image.png; name = ctrlOpt_tab.png; path = build/Debug/ctrlOpt_tab.png; sourceTree = "<group>"; };
		0C163271227E7689001F2852 /* opt_KPplus.png */ = {isa = PBXFileReference; lastKnownFileType = image.png; name = opt_KPplus.png; path = build/Debug/opt_KPplus.png; sourceTree = "<group>"; };
		0C163272227E768A001F2852 /* shotgunMic.png */ = {isa = PBXFileReference; lastKnownFileType = image.png; name = shotgunMic.png; path = build/Debug/shotgunMic.png; sourceTree = "<group>"; };
		0C163273227E768A001F2852 /* scBackground_cs.png */ = {isa = PBXFileReference; lastKnownFileType = image.png; name = scBackground_cs.png; path = build/Debug/scBackground_cs.png; sourceTree = "<group>"; };
		0C163274227E768A001F2852 /* Arial.ttf */ = {isa = PBXFileReference; lastKnownFileType = file; name = Arial.ttf; path = build/Debug/Arial.ttf; sourceTree = "<group>"; };
		0C163275227E768B001F2852 /* wave5d.png */ = {isa = PBXFileReference; lastKnownFileType = image.png; name = wave5d.png; path = build/Debug/wave5d.png; sourceTree = "<group>"; };
		0C163276227E768B001F2852 /* wave1a.png */ = {isa = PBXFileReference; lastKnownFileType = image.png; name = wave1a.png; path = build/Debug/wave1a.png; sourceTree = "<group>"; };
		0C163277227E768B001F2852 /* key7b.png */ = {isa = PBXFileReference; lastKnownFileType = image.png; name = key7b.png; path = build/Debug/key7b.png; sourceTree = "<group>"; };
		0C163278227E768B001F2852 /* wave5c.png */ = {isa = PBXFileReference; lastKnownFileType = image.png; name = wave5c.png; path = build/Debug/wave5c.png; sourceTree = "<group>"; };
		0C163279227E768B001F2852 /* invertedYay.png */ = {isa = PBXFileReference; lastKnownFileType = image.png; name = invertedYay.png; path = build/Debug/invertedYay.png; sourceTree = "<group>"; };
		0C16327A227E768B001F2852 /* fullSized.png */ = {isa = PBXFileReference; lastKnownFileType = image.png; name = fullSized.png; path = build/Debug/fullSized.png; sourceTree = "<group>"; };
		0C16327B227E768C001F2852 /* succeed2.wav */ = {isa = PBXFileReference; lastKnownFileType = audio.wav; name = succeed2.wav; path = build/Debug/succeed2.wav; sourceTree = "<group>"; };
		0C16327C227E768C001F2852 /* wave1d.png */ = {isa = PBXFileReference; lastKnownFileType = image.png; name = wave1d.png; path = build/Debug/wave1d.png; sourceTree = "<group>"; };
		0C16327D227E768C001F2852 /* csMusic.wav */ = {isa = PBXFileReference; lastKnownFileType = audio.wav; name = csMusic.wav; path = build/Debug/csMusic.wav; sourceTree = "<group>"; };
		0C16327E227E768C001F2852 /* wave5b.png */ = {isa = PBXFileReference; lastKnownFileType = image.png; name = wave5b.png; path = build/Debug/wave5b.png; sourceTree = "<group>"; };
		0C16327F227E768C001F2852 /* badFinale1.wav */ = {isa = PBXFileReference; lastKnownFileType = audio.wav; name = badFinale1.wav; path = build/Debug/badFinale1.wav; sourceTree = "<group>"; };
		0C163280227E768C001F2852 /* scReview5.png */ = {isa = PBXFileReference; lastKnownFileType = image.png; name = scReview5.png; path = build/Debug/scReview5.png; sourceTree = "<group>"; };
		0C163281227E768D001F2852 /* wave2b.png */ = {isa = PBXFileReference; lastKnownFileType = image.png; name = wave2b.png; path = build/Debug/wave2b.png; sourceTree = "<group>"; };
		0C163282227E768D001F2852 /* key3b.png */ = {isa = PBXFileReference; lastKnownFileType = image.png; name = key3b.png; path = build/Debug/key3b.png; sourceTree = "<group>"; };
		0C163283227E768D001F2852 /* key14.png */ = {isa = PBXFileReference; lastKnownFileType = image.png; name = key14.png; path = build/Debug/key14.png; sourceTree = "<group>"; };
		0C163284227E768D001F2852 /* ctrl_up.png */ = {isa = PBXFileReference; lastKnownFileType = image.png; name = ctrl_up.png; path = build/Debug/ctrl_up.png; sourceTree = "<group>"; };
		0C163285227E768D001F2852 /* wave2a.png */ = {isa = PBXFileReference; lastKnownFileType = image.png; name = wave2a.png; path = build/Debug/wave2a.png; sourceTree = "<group>"; };
		0C163286227E768D001F2852 /* inverted.png */ = {isa = PBXFileReference; lastKnownFileType = image.png; name = inverted.png; path = build/Debug/inverted.png; sourceTree = "<group>"; };
		0C163287227E768E001F2852 /* return.png */ = {isa = PBXFileReference; lastKnownFileType = image.png; name = return.png; path = build/Debug/return.png; sourceTree = "<group>"; };
		0C163288227E768E001F2852 /* shft1.png */ = {isa = PBXFileReference; lastKnownFileType = image.png; name = shft1.png; path = build/Debug/shft1.png; sourceTree = "<group>"; };
		0C163289227E768E001F2852 /* wave3b.png */ = {isa = PBXFileReference; lastKnownFileType = image.png; name = wave3b.png; path = build/Debug/wave3b.png; sourceTree = "<group>"; };
		0C16328A227E768E001F2852 /* review6.png */ = {isa = PBXFileReference; lastKnownFileType = image.png; name = review6.png; path = build/Debug/review6.png; sourceTree = "<group>"; };
		0C16328B227E768E001F2852 /* scReview3.png */ = {isa = PBXFileReference; lastKnownFileType = image.png; name = scReview3.png; path = build/Debug/scReview3.png; sourceTree = "<group>"; };
		0C16328C227E768E001F2852 /* key3.png */ = {isa = PBXFileReference; lastKnownFileType = image.png; name = key3.png; path = build/Debug/key3.png; sourceTree = "<group>"; };
		0C16328D227E768F001F2852 /* wave1c.png */ = {isa = PBXFileReference; lastKnownFileType = image.png; name = wave1c.png; path = build/Debug/wave1c.png; sourceTree = "<group>"; };
		0C16328E227E768F001F2852 /* wave5a.png */ = {isa = PBXFileReference; lastKnownFileType = image.png; name = wave5a.png; path = build/Debug/wave5a.png; sourceTree = "<group>"; };
		0C16328F227E768F001F2852 /* tmpBackground.png */ = {isa = PBXFileReference; lastKnownFileType = image.png; name = tmpBackground.png; path = build/Debug/tmpBackground.png; sourceTree = "<group>"; };
		0C163290227E768F001F2852 /* invertedBoo.png */ = {isa = PBXFileReference; lastKnownFileType = image.png; name = invertedBoo.png; path = build/Debug/invertedBoo.png; sourceTree = "<group>"; };
		0C163291227E768F001F2852 /* cmd4.png */ = {isa = PBXFileReference; lastKnownFileType = image.png; name = cmd4.png; path = build/Debug/cmd4.png; sourceTree = "<group>"; };
		0C163292227E7690001F2852 /* ctrl_T.png */ = {isa = PBXFileReference; lastKnownFileType = image.png; name = ctrl_T.png; path = build/Debug/ctrl_T.png; sourceTree = "<group>"; };
		0C163293227E7690001F2852 /* BGmusic2.wav */ = {isa = PBXFileReference; lastKnownFileType = audio.wav; name = BGmusic2.wav; path = build/Debug/BGmusic2.wav; sourceTree = "<group>"; };
		0C163294227E7690001F2852 /* key10b.png */ = {isa = PBXFileReference; lastKnownFileType = image.png; name = key10b.png; path = build/Debug/key10b.png; sourceTree = "<group>"; };
		0C163295227E7690001F2852 /* scClockStop.png */ = {isa = PBXFileReference; lastKnownFileType = image.png; name = scClockStop.png; path = build/Debug/scClockStop.png; sourceTree = "<group>"; };
		0C163296227E7690001F2852 /* shotgunMicArrows.png */ = {isa = PBXFileReference; lastKnownFileType = image.png; name = shotgunMicArrows.png; path = build/Debug/shotgunMicArrows.png; sourceTree = "<group>"; };
		0C163297227E7690001F2852 /* cmd5.png */ = {isa = PBXFileReference; lastKnownFileType = image.png; name = cmd5.png; path = build/Debug/cmd5.png; sourceTree = "<group>"; };
		0C163298227E7691001F2852 /* optShft_D.png */ = {isa = PBXFileReference; lastKnownFileType = image.png; name = optShft_D.png; path = build/Debug/optShft_D.png; sourceTree = "<group>"; };
		0C163299227E7691001F2852 /* cmdH.png */ = {isa = PBXFileReference; lastKnownFileType = image.png; name = cmdH.png; path = build/Debug/cmdH.png; sourceTree = "<group>"; };
		0C16329A227E7691001F2852 /* f4.png */ = {isa = PBXFileReference; lastKnownFileType = image.png; name = f4.png; path = build/Debug/f4.png; sourceTree = "<group>"; };
		0C16329B227E7691001F2852 /* key8.png */ = {isa = PBXFileReference; lastKnownFileType = image.png; name = key8.png; path = build/Debug/key8.png; sourceTree = "<group>"; };
		0C16329C227E7691001F2852 /* cs_powerup.png */ = {isa = PBXFileReference; lastKnownFileType = image.png; name = cs_powerup.png; path = build/Debug/cs_powerup.png; sourceTree = "<group>"; };
		0C16329D227E7691001F2852 /* key9.png */ = {isa = PBXFileReference; lastKnownFileType = image.png; name = key9.png; path = build/Debug/key9.png; sourceTree = "<group>"; };
		0C16329E227E7692001F2852 /* review4.png */ = {isa = PBXFileReference; lastKnownFileType = image.png; name = review4.png; path = build/Debug/review4.png; sourceTree = "<group>"; };
		0C16329F227E7692001F2852 /* key7.png */ = {isa = PBXFileReference; lastKnownFileType = image.png; name = key7.png; path = build/Debug/key7.png; sourceTree = "<group>"; };
		0C1632A0227E7692001F2852 /* review3.png */ = {isa = PBXFileReference; lastKnownFileType = image.png; name = review3.png; path = build/Debug/review3.png; sourceTree = "<group>"; };
		0C1632A1227E7692001F2852 /* scReview1.png */ = {isa = PBXFileReference; lastKnownFileType = image.png; name = scReview1.png; path = build/Debug/scReview1.png; sourceTree = "<group>"; };
		0C1632A2227E7692001F2852 /* scBackground.png */ = {isa = PBXFileReference; lastKnownFileType = image.png; name = scBackground.png; path = build/Debug/scBackground.png; sourceTree = "<group>"; };
		0C1632A3227E7692001F2852 /* key4b.png */ = {isa = PBXFileReference; lastKnownFileType = image.png; name = key4b.png; path = build/Debug/key4b.png; sourceTree = "<group>"; };
		0C1632A4227E7693001F2852 /* opt_minus.png */ = {isa = PBXFileReference; lastKnownFileType = image.png; name = opt_minus.png; path = build/Debug/opt_minus.png; sourceTree = "<group>"; };
		0C1632A5227E7693001F2852 /* key2.png */ = {isa = PBXFileReference; lastKnownFileType = image.png; name = key2.png; path = build/Debug/key2.png; sourceTree = "<group>"; };
		0C1632A6227E7693001F2852 /* oneUp1.wav */ = {isa = PBXFileReference; lastKnownFileType = audio.wav; name = oneUp1.wav; path = build/Debug/oneUp1.wav; sourceTree = "<group>"; };
		0C1632A7227E7693001F2852 /* wave4d.png */ = {isa = PBXFileReference; lastKnownFileType = image.png; name = wave4d.png; path = build/Debug/wave4d.png; sourceTree = "<group>"; };
		0C1632A8227E7693001F2852 /* checkmark.png */ = {isa = PBXFileReference; lastKnownFileType = image.png; name = checkmark.png; path = build/Debug/checkmark.png; sourceTree = "<group>"; };
		0C1632A9227E7693001F2852 /* endScreen.png */ = {isa = PBXFileReference; lastKnownFileType = image.png; name = endScreen.png; path = build/Debug/endScreen.png; sourceTree = "<group>"; };
		0C1632AA227E7694001F2852 /* opt_closeBracket.png */ = {isa = PBXFileReference; lastKnownFileType = image.png; name = opt_closeBracket.png; path = build/Debug/opt_closeBracket.png; sourceTree = "<group>"; };
		0C1632AB227E7694001F2852 /* scReview2.png */ = {isa = PBXFileReference; lastKnownFileType = image.png; name = scReview2.png; path = build/Debug/scReview2.png; sourceTree = "<group>"; };
		0C1632AC227E7694001F2852 /* cmd_K.png */ = {isa = PBXFileReference; lastKnownFileType = image.png; name = cmd_K.png; path = build/Debug/cmd_K.png; sourceTree = "<group>"; };
		0C1632AD227E7694001F2852 /* scReview4.png */ = {isa = PBXFileReference; lastKnownFileType = image.png; name = scReview4.png; path = build/Debug/scReview4.png; sourceTree = "<group>"; };
		350068CD1980952E0069DC81 /* BGmusic1.wav */ = {isa = PBXFileReference; lastKnownFileType = audio.wav; name = BGmusic1.wav; path = build/Debug/BGmusic1.wav; sourceTree = "<group>"; };
		350442FE198C5ED6003A8125 /* startSound2.wav */ = {isa = PBXFileReference; lastKnownFileType = audio.wav; name = startSound2.wav; path = build/Debug/startSound2.wav; sourceTree = "<group>"; };
		350991E11AAAAFB300F8DF8F /* Cocoa.framework */ = {isa = PBXFileReference; lastKnownFileType = wrapper.framework; name = Cocoa.framework; path = ../../../../Library/Frameworks/Cocoa.framework; sourceTree = DEVELOPER_DIR; };
		350C9536198F41460045F7DB /* laptop.png */ = {isa = PBXFileReference; lastKnownFileType = image.png; name = laptop.png; path = build/Debug/laptop.png; sourceTree = "<group>"; };
		350C9537198F41460045F7DB /* fullSized.png */ = {isa = PBXFileReference; lastKnownFileType = image.png; name = fullSized.png; path = build/Debug/fullSized.png; sourceTree = "<group>"; };
		350C9538198F41460045F7DB /* keyboard_prompt.png */ = {isa = PBXFileReference; lastKnownFileType = image.png; name = keyboard_prompt.png; path = build/Debug/keyboard_prompt.png; sourceTree = "<group>"; };
		350C9557198F4E330045F7DB /* scReview7bB.png */ = {isa = PBXFileReference; lastKnownFileType = image.png; name = scReview7bB.png; path = build/Debug/scReview7bB.png; sourceTree = "<group>"; };
		350C9558198F4E330045F7DB /* scReview5b.png */ = {isa = PBXFileReference; lastKnownFileType = image.png; name = scReview5b.png; path = build/Debug/scReview5b.png; sourceTree = "<group>"; };
		350C9559198F4E330045F7DB /* scReview6b.png */ = {isa = PBXFileReference; lastKnownFileType = image.png; name = scReview6b.png; path = build/Debug/scReview6b.png; sourceTree = "<group>"; };
		350C955A198F4E6A0045F7DB /* ctrl_comma.png */ = {isa = PBXFileReference; lastKnownFileType = image.png; name = ctrl_comma.png; path = build/Debug/ctrl_comma.png; sourceTree = "<group>"; };
		350C955B198F4E6A0045F7DB /* ctrl_period.png */ = {isa = PBXFileReference; lastKnownFileType = image.png; name = ctrl_period.png; path = build/Debug/ctrl_period.png; sourceTree = "<group>"; };
		3512BD1D199187D20029BAFF /* Arial.ttf */ = {isa = PBXFileReference; lastKnownFileType = file; path = Arial.ttf; sourceTree = "<group>"; };
		35232477197766C000FB9187 /* scBackground.png */ = {isa = PBXFileReference; lastKnownFileType = image.png; name = scBackground.png; path = build/Debug/scBackground.png; sourceTree = "<group>"; };
		35243CE4198A24A50032EFCD /* scReview5.png */ = {isa = PBXFileReference; lastKnownFileType = image.png; name = scReview5.png; path = build/Debug/scReview5.png; sourceTree = "<group>"; };
		35243CE5198A24A50032EFCD /* opt_KPplus.png */ = {isa = PBXFileReference; lastKnownFileType = image.png; name = opt_KPplus.png; path = build/Debug/opt_KPplus.png; sourceTree = "<group>"; };
		35243CE6198A24A50032EFCD /* opt_KPminus.png */ = {isa = PBXFileReference; lastKnownFileType = image.png; name = opt_KPminus.png; path = build/Debug/opt_KPminus.png; sourceTree = "<group>"; };
		35243CF1198A24F70032EFCD /* opt_tab.png */ = {isa = PBXFileReference; lastKnownFileType = image.png; name = opt_tab.png; path = build/Debug/opt_tab.png; sourceTree = "<group>"; };
		35243CF2198A24F70032EFCD /* tab.png */ = {isa = PBXFileReference; lastKnownFileType = image.png; name = tab.png; path = build/Debug/tab.png; sourceTree = "<group>"; };
		35243CF3198A24F70032EFCD /* ctrl_semicolon.png */ = {isa = PBXFileReference; lastKnownFileType = image.png; name = ctrl_semicolon.png; path = build/Debug/ctrl_semicolon.png; sourceTree = "<group>"; };
		35243CF4198A24F70032EFCD /* ctrlP.png */ = {isa = PBXFileReference; lastKnownFileType = image.png; name = ctrlP.png; path = build/Debug/ctrlP.png; sourceTree = "<group>"; };
		35243CF5198A24F70032EFCD /* ctrlOpt_tab.png */ = {isa = PBXFileReference; lastKnownFileType = image.png; name = ctrlOpt_tab.png; path = build/Debug/ctrlOpt_tab.png; sourceTree = "<group>"; };
		35243CF6198A24F70032EFCD /* ctrl_tab.png */ = {isa = PBXFileReference; lastKnownFileType = image.png; name = ctrl_tab.png; path = build/Debug/ctrl_tab.png; sourceTree = "<group>"; };
		352F2A31198C485700652E69 /* scReview7a.png */ = {isa = PBXFileReference; lastKnownFileType = image.png; name = scReview7a.png; path = build/Debug/scReview7a.png; sourceTree = "<group>"; };
		352F2A32198C485700652E69 /* scReview7b.png */ = {isa = PBXFileReference; lastKnownFileType = image.png; name = scReview7b.png; path = build/Debug/scReview7b.png; sourceTree = "<group>"; };
		3534BDC9197902A4002EBB55 /* scClockStop.png */ = {isa = PBXFileReference; lastKnownFileType = image.png; name = scClockStop.png; path = build/Debug/scClockStop.png; sourceTree = "<group>"; };
		35360B61196F6C6A00DA28D1 /* BGmusic2a.wav */ = {isa = PBXFileReference; lastKnownFileType = audio.wav; name = BGmusic2a.wav; path = build/Debug/BGmusic2a.wav; sourceTree = "<group>"; };
		353AD32619709C0100E17C02 /* csMusic.wav */ = {isa = PBXFileReference; lastKnownFileType = audio.wav; name = csMusic.wav; path = build/Debug/csMusic.wav; sourceTree = "<group>"; };
		3542BA4C196CC94700FE811B /* succeed.wav */ = {isa = PBXFileReference; lastKnownFileType = audio.wav; name = succeed.wav; path = build/Debug/succeed.wav; sourceTree = "<group>"; };
		354420A71978E6810054160F /* opt_minus.png */ = {isa = PBXFileReference; lastKnownFileType = image.png; name = opt_minus.png; path = build/Debug/opt_minus.png; sourceTree = "<group>"; };
		35485008198333690085136D /* oneUp1.wav */ = {isa = PBXFileReference; lastKnownFileType = audio.wav; name = oneUp1.wav; path = build/Debug/oneUp1.wav; sourceTree = "<group>"; };
		3548884819832588001E04CE /* deathSound.wav */ = {isa = PBXFileReference; lastKnownFileType = audio.wav; name = deathSound.wav; path = build/Debug/deathSound.wav; sourceTree = "<group>"; };
		3549C82B1988B03C004B0138 /* BGmusic1_fastest.wav */ = {isa = PBXFileReference; lastKnownFileType = audio.wav; name = BGmusic1_fastest.wav; path = build/Debug/BGmusic1_fastest.wav; sourceTree = "<group>"; };
		3549C82C1988B03C004B0138 /* BGmusic1_faster.wav */ = {isa = PBXFileReference; lastKnownFileType = audio.wav; name = BGmusic1_faster.wav; path = build/Debug/BGmusic1_faster.wav; sourceTree = "<group>"; };
		35535AA8198B07BE005D1CDC /* scReview6.png */ = {isa = PBXFileReference; lastKnownFileType = image.png; name = scReview6.png; path = build/Debug/scReview6.png; sourceTree = "<group>"; };
		35535AA9198B07BE005D1CDC /* cmdH.png */ = {isa = PBXFileReference; lastKnownFileType = image.png; name = cmdH.png; path = build/Debug/cmdH.png; sourceTree = "<group>"; };
		35535AAA198B07BE005D1CDC /* ctrlB.png */ = {isa = PBXFileReference; lastKnownFileType = image.png; name = ctrlB.png; path = build/Debug/ctrlB.png; sourceTree = "<group>"; };
		355472EF1987107900D05F42 /* scReview3.png */ = {isa = PBXFileReference; lastKnownFileType = image.png; name = scReview3.png; path = build/Debug/scReview3.png; sourceTree = "<group>"; };
		355472F01987107900D05F42 /* ctrl_down.png */ = {isa = PBXFileReference; lastKnownFileType = image.png; name = ctrl_down.png; path = build/Debug/ctrl_down.png; sourceTree = "<group>"; };
		355472F11987107900D05F42 /* ctrl_up.png */ = {isa = PBXFileReference; lastKnownFileType = image.png; name = ctrl_up.png; path = build/Debug/ctrl_up.png; sourceTree = "<group>"; };
		355472F81987176400D05F42 /* cmd_K.png */ = {isa = PBXFileReference; lastKnownFileType = image.png; name = cmd_K.png; path = build/Debug/cmd_K.png; sourceTree = "<group>"; };
		355472F91987176400D05F42 /* cmdShft_N.png */ = {isa = PBXFileReference; lastKnownFileType = image.png; name = cmdShft_N.png; path = build/Debug/cmdShft_N.png; sourceTree = "<group>"; };
		355F4DBA1992E239000E4210 /* Debug */ = {isa = PBXFileReference; lastKnownFileType = folder; name = Debug; path = build/Debug; sourceTree = "<group>"; };
		35647F9F183B0D71006DAAF4 /* SDL_ttf.framework */ = {isa = PBXFileReference; lastKnownFileType = wrapper.framework; name = SDL_ttf.framework; path = /Library/Frameworks/SDL_ttf.framework; sourceTree = "<absolute>"; };
		3570ED43193BFA5E009C8503 /* dieBG.png */ = {isa = PBXFileReference; lastKnownFileType = image.png; name = dieBG.png; path = build/Debug/dieBG.png; sourceTree = "<group>"; };
		3570ED44193BFA5E009C8503 /* booBG.png */ = {isa = PBXFileReference; lastKnownFileType = image.png; name = booBG.png; path = build/Debug/booBG.png; sourceTree = "<group>"; };
		3570ED45193BFA5E009C8503 /* yayBG.png */ = {isa = PBXFileReference; lastKnownFileType = image.png; name = yayBG.png; path = build/Debug/yayBG.png; sourceTree = "<group>"; };
		3571E9921977B7D600BD8E63 /* warning.png */ = {isa = PBXFileReference; lastKnownFileType = image.png; name = warning.png; path = build/Debug/warning.png; sourceTree = "<group>"; };
		3576BB67198775F900D32B2F /* badFinale2.wav */ = {isa = PBXFileReference; lastKnownFileType = audio.wav; name = badFinale2.wav; path = build/Debug/badFinale2.wav; sourceTree = "<group>"; };
		357909B3194147BC005A8FF6 /* cs_frame.png */ = {isa = PBXFileReference; lastKnownFileType = image.png; name = cs_frame.png; path = build/Debug/cs_frame.png; sourceTree = "<group>"; };
		357E1D1019831720001883DC /* succeed2.wav */ = {isa = PBXFileReference; lastKnownFileType = audio.wav; name = succeed2.wav; path = build/Debug/succeed2.wav; sourceTree = "<group>"; };
		358A7D4A1983779C00509683 /* reviewMusic2.wav */ = {isa = PBXFileReference; lastKnownFileType = audio.wav; name = reviewMusic2.wav; path = build/Debug/reviewMusic2.wav; sourceTree = "<group>"; };
		358B6610197752810083204F /* shotgunMic.png */ = {isa = PBXFileReference; lastKnownFileType = image.png; name = shotgunMic.png; path = build/Debug/shotgunMic.png; sourceTree = "<group>"; };
		358B6611197752810083204F /* tmpBackground.png */ = {isa = PBXFileReference; lastKnownFileType = image.png; name = tmpBackground.png; path = build/Debug/tmpBackground.png; sourceTree = "<group>"; };
		358B6612197752810083204F /* shotgunMicArrows.png */ = {isa = PBXFileReference; lastKnownFileType = image.png; name = shotgunMicArrows.png; path = build/Debug/shotgunMicArrows.png; sourceTree = "<group>"; };
		358D9ABE1985FF1D00C68B48 /* badFinale1.wav */ = {isa = PBXFileReference; lastKnownFileType = audio.wav; name = badFinale1.wav; path = build/Debug/badFinale1.wav; sourceTree = "<group>"; };
		358DB8A719394B830019D352 /* key1.png */ = {isa = PBXFileReference; lastKnownFileType = image.png; name = key1.png; path = build/Debug/key1.png; sourceTree = "<group>"; };
		3592BD04196F5FFF001DF309 /* BGmusic2.wav */ = {isa = PBXFileReference; lastKnownFileType = audio.wav; name = BGmusic2.wav; path = build/Debug/BGmusic2.wav; sourceTree = "<group>"; };
		35970BA0197A463900EAFEA0 /* wave5d.png */ = {isa = PBXFileReference; lastKnownFileType = image.png; name = wave5d.png; path = build/Debug/wave5d.png; sourceTree = "<group>"; };
		35970BA1197A463900EAFEA0 /* wave5c.png */ = {isa = PBXFileReference; lastKnownFileType = image.png; name = wave5c.png; path = build/Debug/wave5c.png; sourceTree = "<group>"; };
		35970BA2197A463900EAFEA0 /* wave5b.png */ = {isa = PBXFileReference; lastKnownFileType = image.png; name = wave5b.png; path = build/Debug/wave5b.png; sourceTree = "<group>"; };
		35970BA3197A463900EAFEA0 /* wave5a.png */ = {isa = PBXFileReference; lastKnownFileType = image.png; name = wave5a.png; path = build/Debug/wave5a.png; sourceTree = "<group>"; };
		35970BA4197A463900EAFEA0 /* wave4d.png */ = {isa = PBXFileReference; lastKnownFileType = image.png; name = wave4d.png; path = build/Debug/wave4d.png; sourceTree = "<group>"; };
		35970BA5197A463900EAFEA0 /* wave4c.png */ = {isa = PBXFileReference; lastKnownFileType = image.png; name = wave4c.png; path = build/Debug/wave4c.png; sourceTree = "<group>"; };
		35970BA6197A463900EAFEA0 /* wave4b.png */ = {isa = PBXFileReference; lastKnownFileType = image.png; name = wave4b.png; path = build/Debug/wave4b.png; sourceTree = "<group>"; };
		35970BA7197A463900EAFEA0 /* wave4a.png */ = {isa = PBXFileReference; lastKnownFileType = image.png; name = wave4a.png; path = build/Debug/wave4a.png; sourceTree = "<group>"; };
		35970BA8197A463900EAFEA0 /* wave3d.png */ = {isa = PBXFileReference; lastKnownFileType = image.png; name = wave3d.png; path = build/Debug/wave3d.png; sourceTree = "<group>"; };
		35970BA9197A463900EAFEA0 /* wave3c.png */ = {isa = PBXFileReference; lastKnownFileType = image.png; name = wave3c.png; path = build/Debug/wave3c.png; sourceTree = "<group>"; };
		35970BAA197A463900EAFEA0 /* wave3b.png */ = {isa = PBXFileReference; lastKnownFileType = image.png; name = wave3b.png; path = build/Debug/wave3b.png; sourceTree = "<group>"; };
		35970BAB197A463900EAFEA0 /* wave3a.png */ = {isa = PBXFileReference; lastKnownFileType = image.png; name = wave3a.png; path = build/Debug/wave3a.png; sourceTree = "<group>"; };
		35970BAC197A463900EAFEA0 /* wave2d.png */ = {isa = PBXFileReference; lastKnownFileType = image.png; name = wave2d.png; path = build/Debug/wave2d.png; sourceTree = "<group>"; };
		35970BAD197A463900EAFEA0 /* wave2c.png */ = {isa = PBXFileReference; lastKnownFileType = image.png; name = wave2c.png; path = build/Debug/wave2c.png; sourceTree = "<group>"; };
		35970BAE197A463900EAFEA0 /* wave2b.png */ = {isa = PBXFileReference; lastKnownFileType = image.png; name = wave2b.png; path = build/Debug/wave2b.png; sourceTree = "<group>"; };
		35970BAF197A463900EAFEA0 /* wave2a.png */ = {isa = PBXFileReference; lastKnownFileType = image.png; name = wave2a.png; path = build/Debug/wave2a.png; sourceTree = "<group>"; };
		35998A461979FF4C00814505 /* scBackground_cs.png */ = {isa = PBXFileReference; lastKnownFileType = image.png; name = scBackground_cs.png; path = build/Debug/scBackground_cs.png; sourceTree = "<group>"; };
		359AA9BE19825A4400DCA254 /* scBadSound.wav */ = {isa = PBXFileReference; lastKnownFileType = audio.wav; name = scBadSound.wav; path = build/Debug/scBadSound.wav; sourceTree = "<group>"; };
		359D3C05198B5F1400178C50 /* finaleMusic1_fastest.wav */ = {isa = PBXFileReference; lastKnownFileType = audio.wav; name = finaleMusic1_fastest.wav; path = build/Debug/finaleMusic1_fastest.wav; sourceTree = "<group>"; };
		359E0AA6197279A5006AEEEF /* review1.png */ = {isa = PBXFileReference; lastKnownFileType = image.png; name = review1.png; path = build/Debug/review1.png; sourceTree = "<group>"; };
		359FB4981980DCED00660396 /* finale1b.wav */ = {isa = PBXFileReference; lastKnownFileType = audio.wav; name = finale1b.wav; path = build/Debug/finale1b.wav; sourceTree = "<group>"; };
		35A07A181970D14C0056EB36 /* csMusicA.wav */ = {isa = PBXFileReference; lastKnownFileType = audio.wav; name = csMusicA.wav; path = build/Debug/csMusicA.wav; sourceTree = "<group>"; };
		35A21C761972231D004B316C /* key10b.png */ = {isa = PBXFileReference; lastKnownFileType = image.png; name = key10b.png; path = build/Debug/key10b.png; sourceTree = "<group>"; };
		35A21C771972231D004B316C /* key9b.png */ = {isa = PBXFileReference; lastKnownFileType = image.png; name = key9b.png; path = build/Debug/key9b.png; sourceTree = "<group>"; };
		35A21C781972231D004B316C /* key6b.png */ = {isa = PBXFileReference; lastKnownFileType = image.png; name = key6b.png; path = build/Debug/key6b.png; sourceTree = "<group>"; };
		35A21C791972231D004B316C /* key12b.png */ = {isa = PBXFileReference; lastKnownFileType = image.png; name = key12b.png; path = build/Debug/key12b.png; sourceTree = "<group>"; };
		35A21C7A1972231D004B316C /* key11b.png */ = {isa = PBXFileReference; lastKnownFileType = image.png; name = key11b.png; path = build/Debug/key11b.png; sourceTree = "<group>"; };
		35A21C7B1972231D004B316C /* key8b.png */ = {isa = PBXFileReference; lastKnownFileType = image.png; name = key8b.png; path = build/Debug/key8b.png; sourceTree = "<group>"; };
		35A21C7C1972231D004B316C /* key7b.png */ = {isa = PBXFileReference; lastKnownFileType = image.png; name = key7b.png; path = build/Debug/key7b.png; sourceTree = "<group>"; };
		35A21C7D1972231D004B316C /* key5b.png */ = {isa = PBXFileReference; lastKnownFileType = image.png; name = key5b.png; path = build/Debug/key5b.png; sourceTree = "<group>"; };
		35A21C7E1972231D004B316C /* key3b.png */ = {isa = PBXFileReference; lastKnownFileType = image.png; name = key3b.png; path = build/Debug/key3b.png; sourceTree = "<group>"; };
		35A21C7F1972231D004B316C /* key2b.png */ = {isa = PBXFileReference; lastKnownFileType = image.png; name = key2b.png; path = build/Debug/key2b.png; sourceTree = "<group>"; };
		35A21C801972231D004B316C /* key1b.png */ = {isa = PBXFileReference; lastKnownFileType = image.png; name = key1b.png; path = build/Debug/key1b.png; sourceTree = "<group>"; };
		35A21C811972232E004B316C /* key4b.png */ = {isa = PBXFileReference; lastKnownFileType = image.png; name = key4b.png; path = build/Debug/key4b.png; sourceTree = "<group>"; };
		35A8A571196F66DB006F0E19 /* invertedBoo.png */ = {isa = PBXFileReference; lastKnownFileType = image.png; name = invertedBoo.png; path = build/Debug/invertedBoo.png; sourceTree = "<group>"; };
		35A8A572196F66DC006F0E19 /* invertedYay.png */ = {isa = PBXFileReference; lastKnownFileType = image.png; name = invertedYay.png; path = build/Debug/invertedYay.png; sourceTree = "<group>"; };
		35A8A573196F66DC006F0E19 /* inverted.png */ = {isa = PBXFileReference; lastKnownFileType = image.png; name = inverted.png; path = build/Debug/inverted.png; sourceTree = "<group>"; };
		35B88DF6197A2D9C00F376DB /* wave1d.png */ = {isa = PBXFileReference; lastKnownFileType = image.png; name = wave1d.png; path = build/Debug/wave1d.png; sourceTree = "<group>"; };
		35B88DF7197A2D9C00F376DB /* wave1c.png */ = {isa = PBXFileReference; lastKnownFileType = image.png; name = wave1c.png; path = build/Debug/wave1c.png; sourceTree = "<group>"; };
		35B88DF8197A2D9C00F376DB /* wave1b.png */ = {isa = PBXFileReference; lastKnownFileType = image.png; name = wave1b.png; path = build/Debug/wave1b.png; sourceTree = "<group>"; };
		35B88DF9197A2D9C00F376DB /* wave1a.png */ = {isa = PBXFileReference; lastKnownFileType = image.png; name = wave1a.png; path = build/Debug/wave1a.png; sourceTree = "<group>"; };
		35BA6E991988BFD8000234E4 /* finale1_faster.wav */ = {isa = PBXFileReference; lastKnownFileType = audio.wav; name = finale1_faster.wav; path = build/Debug/finale1_faster.wav; sourceTree = "<group>"; };
		35BCB014196A644600A20B8A /* SDL_mixer.framework */ = {isa = PBXFileReference; lastKnownFileType = wrapper.framework; name = SDL_mixer.framework; path = /Library/Frameworks/SDL_mixer.framework; sourceTree = "<absolute>"; };
		35BEA5CB1983298000D36B63 /* oneUp2a.wav */ = {isa = PBXFileReference; lastKnownFileType = audio.wav; name = oneUp2a.wav; path = build/Debug/oneUp2a.wav; sourceTree = "<group>"; };
		35CA07F319413C45008F31B5 /* cs_powerup.png */ = {isa = PBXFileReference; lastKnownFileType = image.png; name = cs_powerup.png; path = build/Debug/cs_powerup.png; sourceTree = "<group>"; };
		35CE0ADF19822A6400DF229D /* scGoodSound.wav */ = {isa = PBXFileReference; lastKnownFileType = audio.wav; name = scGoodSound.wav; path = build/Debug/scGoodSound.wav; sourceTree = "<group>"; };
		35CE47DC19399464004F9E8F /* key2.png */ = {isa = PBXFileReference; lastKnownFileType = image.png; name = key2.png; path = build/Debug/key2.png; sourceTree = "<group>"; };
		35CE47DD19399464004F9E8F /* key3.png */ = {isa = PBXFileReference; lastKnownFileType = image.png; name = key3.png; path = build/Debug/key3.png; sourceTree = "<group>"; };
		35CE47DE19399464004F9E8F /* key4.png */ = {isa = PBXFileReference; lastKnownFileType = image.png; name = key4.png; path = build/Debug/key4.png; sourceTree = "<group>"; };
		35CE47DF19399464004F9E8F /* key5.png */ = {isa = PBXFileReference; lastKnownFileType = image.png; name = key5.png; path = build/Debug/key5.png; sourceTree = "<group>"; };
		35CE47E019399464004F9E8F /* key6.png */ = {isa = PBXFileReference; lastKnownFileType = image.png; name = key6.png; path = build/Debug/key6.png; sourceTree = "<group>"; };
		35CE47E119399464004F9E8F /* key7.png */ = {isa = PBXFileReference; lastKnownFileType = image.png; name = key7.png; path = build/Debug/key7.png; sourceTree = "<group>"; };
		35CE47E219399464004F9E8F /* key8.png */ = {isa = PBXFileReference; lastKnownFileType = image.png; name = key8.png; path = build/Debug/key8.png; sourceTree = "<group>"; };
		35CE47E319399464004F9E8F /* key9.png */ = {isa = PBXFileReference; lastKnownFileType = image.png; name = key9.png; path = build/Debug/key9.png; sourceTree = "<group>"; };
		35CE47E419399464004F9E8F /* key11.png */ = {isa = PBXFileReference; lastKnownFileType = image.png; name = key11.png; path = build/Debug/key11.png; sourceTree = "<group>"; };
		35CE47E519399464004F9E8F /* key14.png */ = {isa = PBXFileReference; lastKnownFileType = image.png; name = key14.png; path = build/Debug/key14.png; sourceTree = "<group>"; };
		35CE47E619399464004F9E8F /* key15.png */ = {isa = PBXFileReference; lastKnownFileType = image.png; name = key15.png; path = build/Debug/key15.png; sourceTree = "<group>"; };
		35CE47F8193997F6004F9E8F /* Arial Bold.ttf */ = {isa = PBXFileReference; lastKnownFileType = file; name = "Arial Bold.ttf"; path = "build/Debug/Arial Bold.ttf"; sourceTree = "<group>"; };
		35CFF5521839E58300909116 /* SDL_image.framework */ = {isa = PBXFileReference; lastKnownFileType = wrapper.framework; name = SDL_image.framework; path = /Library/Frameworks/SDL_image.framework; sourceTree = "<absolute>"; };
		35D179AB19849518006F617D /* reviewMusic1.wav */ = {isa = PBXFileReference; lastKnownFileType = audio.wav; name = reviewMusic1.wav; path = build/Debug/reviewMusic1.wav; sourceTree = "<group>"; };
		35D179AC19849518006F617D /* scReview2.png */ = {isa = PBXFileReference; lastKnownFileType = image.png; name = scReview2.png; path = build/Debug/scReview2.png; sourceTree = "<group>"; };
		35D179AD19849518006F617D /* scReview1.png */ = {isa = PBXFileReference; lastKnownFileType = image.png; name = scReview1.png; path = build/Debug/scReview1.png; sourceTree = "<group>"; };
		35D179AE19849518006F617D /* cmd_equal.png */ = {isa = PBXFileReference; lastKnownFileType = image.png; name = cmd_equal.png; path = build/Debug/cmd_equal.png; sourceTree = "<group>"; };
		35D387BB1978C70E00D86D55 /* ban.png */ = {isa = PBXFileReference; lastKnownFileType = image.png; name = ban.png; path = build/Debug/ban.png; sourceTree = "<group>"; };
		35D387BC1978C70E00D86D55 /* checkmark.png */ = {isa = PBXFileReference; lastKnownFileType = image.png; name = checkmark.png; path = build/Debug/checkmark.png; sourceTree = "<group>"; };
		35D387BD1978C70E00D86D55 /* scBackground_die.png */ = {isa = PBXFileReference; lastKnownFileType = image.png; name = scBackground_die.png; path = build/Debug/scBackground_die.png; sourceTree = "<group>"; };
		35DC869B1989CA0D00184F43 /* scReview4.png */ = {isa = PBXFileReference; lastKnownFileType = image.png; name = scReview4.png; path = build/Debug/scReview4.png; sourceTree = "<group>"; };
		35DC869C1989CA0D00184F43 /* optShft_D.png */ = {isa = PBXFileReference; lastKnownFileType = image.png; name = optShft_D.png; path = build/Debug/optShft_D.png; sourceTree = "<group>"; };
		35DC869D1989CA0D00184F43 /* cmdG.png */ = {isa = PBXFileReference; lastKnownFileType = image.png; name = cmdG.png; path = build/Debug/cmdG.png; sourceTree = "<group>"; };
		35DC869E1989CA0D00184F43 /* shftS.png */ = {isa = PBXFileReference; lastKnownFileType = image.png; name = shftS.png; path = build/Debug/shftS.png; sourceTree = "<group>"; };
		35DC869F1989CA0D00184F43 /* shft1.png */ = {isa = PBXFileReference; lastKnownFileType = image.png; name = shft1.png; path = build/Debug/shft1.png; sourceTree = "<group>"; };
		35DC86A01989CA0D00184F43 /* cmd7.png */ = {isa = PBXFileReference; lastKnownFileType = image.png; name = cmd7.png; path = build/Debug/cmd7.png; sourceTree = "<group>"; };
		35DC86A11989CA0D00184F43 /* cmd6.png */ = {isa = PBXFileReference; lastKnownFileType = image.png; name = cmd6.png; path = build/Debug/cmd6.png; sourceTree = "<group>"; };
		35DC86A21989CA0D00184F43 /* cmd5.png */ = {isa = PBXFileReference; lastKnownFileType = image.png; name = cmd5.png; path = build/Debug/cmd5.png; sourceTree = "<group>"; };
		35DC86A31989CA0D00184F43 /* cmd4.png */ = {isa = PBXFileReference; lastKnownFileType = image.png; name = cmd4.png; path = build/Debug/cmd4.png; sourceTree = "<group>"; };
		35E1374319833D2900FC7D7F /* failB.wav */ = {isa = PBXFileReference; lastKnownFileType = audio.wav; name = failB.wav; path = build/Debug/failB.wav; sourceTree = "<group>"; };
		35EFD71C1973654C00FEDBF9 /* review2.png */ = {isa = PBXFileReference; lastKnownFileType = image.png; name = review2.png; path = build/Debug/review2.png; sourceTree = "<group>"; };
		35EFD71D1973654C00FEDBF9 /* review3.png */ = {isa = PBXFileReference; lastKnownFileType = image.png; name = review3.png; path = build/Debug/review3.png; sourceTree = "<group>"; };
		35EFD71E1973654C00FEDBF9 /* review4.png */ = {isa = PBXFileReference; lastKnownFileType = image.png; name = review4.png; path = build/Debug/review4.png; sourceTree = "<group>"; };
		35EFD71F1973654C00FEDBF9 /* review5.png */ = {isa = PBXFileReference; lastKnownFileType = image.png; name = review5.png; path = build/Debug/review5.png; sourceTree = "<group>"; };
		35EFD7201973654C00FEDBF9 /* review6.png */ = {isa = PBXFileReference; lastKnownFileType = image.png; name = review6.png; path = build/Debug/review6.png; sourceTree = "<group>"; };
		35EFD7211973654C00FEDBF9 /* review7.png */ = {isa = PBXFileReference; lastKnownFileType = image.png; name = review7.png; path = build/Debug/review7.png; sourceTree = "<group>"; };
		35F132501985A3A2006E0D65 /* return.png */ = {isa = PBXFileReference; lastKnownFileType = image.png; name = return.png; path = build/Debug/return.png; sourceTree = "<group>"; };
		35F132511985A3A2006E0D65 /* opt_return.png */ = {isa = PBXFileReference; lastKnownFileType = image.png; name = opt_return.png; path = build/Debug/opt_return.png; sourceTree = "<group>"; };
		35F132521985A3A2006E0D65 /* ctrl_R.png */ = {isa = PBXFileReference; lastKnownFileType = image.png; name = ctrl_R.png; path = build/Debug/ctrl_R.png; sourceTree = "<group>"; };
		35F132531985A3A2006E0D65 /* ctrl_T.png */ = {isa = PBXFileReference; lastKnownFileType = image.png; name = ctrl_T.png; path = build/Debug/ctrl_T.png; sourceTree = "<group>"; };
		35F132541985A3A2006E0D65 /* f4.png */ = {isa = PBXFileReference; lastKnownFileType = image.png; name = f4.png; path = build/Debug/f4.png; sourceTree = "<group>"; };
		35F132551985A3A2006E0D65 /* f3.png */ = {isa = PBXFileReference; lastKnownFileType = image.png; name = f3.png; path = build/Debug/f3.png; sourceTree = "<group>"; };
		35F132561985A3A2006E0D65 /* f2.png */ = {isa = PBXFileReference; lastKnownFileType = image.png; name = f2.png; path = build/Debug/f2.png; sourceTree = "<group>"; };
		35F132571985A3A2006E0D65 /* f1.png */ = {isa = PBXFileReference; lastKnownFileType = image.png; name = f1.png; path = build/Debug/f1.png; sourceTree = "<group>"; };
		35F1BD38183869FA0064F394 /* SDL.framework */ = {isa = PBXFileReference; lastKnownFileType = wrapper.framework; name = SDL.framework; path = /Library/Frameworks/SDL.framework; sourceTree = "<absolute>"; };
		35F1BD3C18386A9F0064F394 /* SDLMain.h */ = {isa = PBXFileReference; fileEncoding = 4; lastKnownFileType = sourcecode.c.h; path = SDLMain.h; sourceTree = "<group>"; };
		35F1BD3D18386A9F0064F394 /* SDLMain.m */ = {isa = PBXFileReference; fileEncoding = 4; lastKnownFileType = sourcecode.c.objc; path = SDLMain.m; sourceTree = "<group>"; };
		35FAAE121975F1F30050CBCC /* opt_openBracket.png */ = {isa = PBXFileReference; lastKnownFileType = image.png; name = opt_openBracket.png; path = build/Debug/opt_openBracket.png; sourceTree = "<group>"; };
		35FAAE131975F1F30050CBCC /* opt_closeBracket.png */ = {isa = PBXFileReference; lastKnownFileType = image.png; name = opt_closeBracket.png; path = build/Debug/opt_closeBracket.png; sourceTree = "<group>"; };
		35FAAE141975F1F30050CBCC /* ctrl9.png */ = {isa = PBXFileReference; lastKnownFileType = image.png; name = ctrl9.png; path = build/Debug/ctrl9.png; sourceTree = "<group>"; };
		35FAAE151975F1F30050CBCC /* ctrl8.png */ = {isa = PBXFileReference; lastKnownFileType = image.png; name = ctrl8.png; path = build/Debug/ctrl8.png; sourceTree = "<group>"; };
		35FAAE161975F1F30050CBCC /* ctrl7.png */ = {isa = PBXFileReference; lastKnownFileType = image.png; name = ctrl7.png; path = build/Debug/ctrl7.png; sourceTree = "<group>"; };
		35FAAE171975F1F30050CBCC /* ctrl6.png */ = {isa = PBXFileReference; lastKnownFileType = image.png; name = ctrl6.png; path = build/Debug/ctrl6.png; sourceTree = "<group>"; };
		35FE93141980A49100643593 /* startSound.wav */ = {isa = PBXFileReference; lastKnownFileType = audio.wav; name = startSound.wav; path = build/Debug/startSound.wav; sourceTree = "<group>"; };
		8DD76F6C0486A84900D96B5E /* SDL_Template2 */ = {isa = PBXFileReference; explicitFileType = "compiled.mach-o.executable"; includeInIndex = 0; path = SDL_Template2; sourceTree = BUILT_PRODUCTS_DIR; };
		C6859E8B029090EE04C91782 /* SDL_Template2.1 */ = {isa = PBXFileReference; lastKnownFileType = text.man; path = SDL_Template2.1; sourceTree = "<group>"; };
/* End PBXFileReference section */

/* Begin PBXFrameworksBuildPhase section */
		8DD76F660486A84900D96B5E /* Frameworks */ = {
			isa = PBXFrameworksBuildPhase;
			buildActionMask = 2147483647;
			files = (
				350991E21AAAAFB300F8DF8F /* Cocoa.framework in Frameworks */,
				35F1BD39183869FA0064F394 /* SDL.framework in Frameworks */,
				35CFF5531839E58300909116 /* SDL_image.framework in Frameworks */,
				35647FA0183B0D71006DAAF4 /* SDL_ttf.framework in Frameworks */,
				35BCB015196A644600A20B8A /* SDL_mixer.framework in Frameworks */,
			);
			runOnlyForDeploymentPostprocessing = 0;
		};
/* End PBXFrameworksBuildPhase section */

/* Begin PBXGroup section */
		08FB7794FE84155DC02AAC07 /* SDL_Template2 */ = {
			isa = PBXGroup;
			children = (
				350991E11AAAAFB300F8DF8F /* Cocoa.framework */,
				08FB7795FE84155DC02AAC07 /* Source */,
				C6859E8C029090F304C91782 /* Documentation */,
				1AB674ADFE9D54B511CA2CBB /* Products */,
				35F1BD38183869FA0064F394 /* SDL.framework */,
				35CFF5521839E58300909116 /* SDL_image.framework */,
				35647F9F183B0D71006DAAF4 /* SDL_ttf.framework */,
				35BCB014196A644600A20B8A /* SDL_mixer.framework */,
			);
			name = SDL_Template2;
			sourceTree = "<group>";
		};
		08FB7795FE84155DC02AAC07 /* Source */ = {
			isa = PBXGroup;
			children = (
				355F4DBA1992E239000E4210 /* Debug */,
				3512BD1D199187D20029BAFF /* Arial.ttf */,
				350C955A198F4E6A0045F7DB /* ctrl_comma.png */,
				0C163241227E7681001F2852 /* ctrl_down.png */,
				350C955B198F4E6A0045F7DB /* ctrl_period.png */,
				350C9557198F4E330045F7DB /* scReview7bB.png */,
				0C1632A1227E7692001F2852 /* scReview1.png */,
				0C1632AB227E7694001F2852 /* scReview2.png */,
				0C16328B227E768E001F2852 /* scReview3.png */,
				0C1632AD227E7694001F2852 /* scReview4.png */,
				0C163280227E768C001F2852 /* scReview5.png */,
				350C9558198F4E330045F7DB /* scReview5b.png */,
				0C163298227E7691001F2852 /* optShft_D.png */,
				0C16323E227E7680001F2852 /* pause1.png */,
				0C163256227E7685001F2852 /* pause2.png */,
				0C163287227E768E001F2852 /* return.png */,
				0C163268227E7688001F2852 /* review1.png */,
				0C16325A227E7685001F2852 /* review2.png */,
				0C1632A0227E7692001F2852 /* review3.png */,
				0C16329E227E7692001F2852 /* review4.png */,
				0C16326B227E7688001F2852 /* review5.png */,
				0C16328A227E768E001F2852 /* review6.png */,
				0C16321A227E767A001F2852 /* review7.png */,
				0C163253227E7684001F2852 /* reviewMusic1.wav */,
				0C163260227E7686001F2852 /* reviewMusic2.wav */,
				0C163273227E768A001F2852 /* scBackground_cs.png */,
				0C163224227E767B001F2852 /* scBackground_die.png */,
				0C1632A2227E7692001F2852 /* scBackground.png */,
				0C16326D227E7689001F2852 /* scBadSound.wav */,
				0C163295227E7690001F2852 /* scClockStop.png */,
				0C163261227E7687001F2852 /* scGoodSound.wav */,
				0C163269227E7688001F2852 /* scReview5b.png */,
				0C163238227E767F001F2852 /* scReview6.png */,
				350C9559198F4E330045F7DB /* scReview6b.png */,
				0C163266227E7688001F2852 /* keyboard_prompt.png */,
				350C9536198F41460045F7DB /* laptop.png */,
				350C9537198F41460045F7DB /* fullSized.png */,
				350C9538198F41460045F7DB /* keyboard_prompt.png */,
				350442FE198C5ED6003A8125 /* startSound2.wav */,
				352F2A31198C485700652E69 /* scReview7a.png */,
				352F2A32198C485700652E69 /* scReview7b.png */,
				359D3C05198B5F1400178C50 /* finaleMusic1_fastest.wav */,
				35535AA8198B07BE005D1CDC /* scReview6.png */,
				35535AA9198B07BE005D1CDC /* cmdH.png */,
				35535AAA198B07BE005D1CDC /* ctrlB.png */,
				0C163248227E7682001F2852 /* key1b.png */,
				0C1632A5227E7693001F2852 /* key2.png */,
				0C163252227E7684001F2852 /* key2b.png */,
				0C16328C227E768E001F2852 /* key3.png */,
				0C163282227E768D001F2852 /* key3b.png */,
				0C163244227E7681001F2852 /* key4.png */,
				0C1632A3227E7692001F2852 /* key4b.png */,
				0C16322E227E767D001F2852 /* key5.png */,
				0C16323D227E7680001F2852 /* key5b.png */,
				0C16323F227E7680001F2852 /* key6.png */,
				0C163227227E767C001F2852 /* key6b.png */,
				0C16329F227E7692001F2852 /* key7.png */,
				0C163277227E768B001F2852 /* key7b.png */,
				0C16329B227E7691001F2852 /* key8.png */,
				0C16324A227E7682001F2852 /* key8b.png */,
				0C16329D227E7691001F2852 /* key9.png */,
				0C163221227E767B001F2852 /* key9b.png */,
				0C163294227E7690001F2852 /* key10b.png */,
				0C163239227E767F001F2852 /* key11.png */,
				0C163222227E767B001F2852 /* key11b.png */,
				0C163236227E767F001F2852 /* key12b.png */,
				0C163283227E768D001F2852 /* key14.png */,
				0C163230227E767D001F2852 /* key15.png */,
				0C16325E227E7686001F2852 /* laptop.png */,
				0C1632A6227E7693001F2852 /* oneUp1.wav */,
				0C16321E227E767A001F2852 /* oneUp2a.wav */,
				0C1632AA227E7694001F2852 /* opt_closeBracket.png */,
				0C16323B227E7680001F2852 /* opt_KPminus.png */,
				0C163271227E7689001F2852 /* opt_KPplus.png */,
				0C1632A4227E7693001F2852 /* opt_minus.png */,
				0C16322B227E767D001F2852 /* opt_openBracket.png */,
				0C163250227E7684001F2852 /* opt_return.png */,
				35243CF1198A24F70032EFCD /* opt_tab.png */,
				0C163272227E768A001F2852 /* shotgunMic.png */,
				0C163296227E7690001F2852 /* shotgunMicArrows.png */,
				0C16323A227E7680001F2852 /* startSound.wav */,
				0C16324F227E7684001F2852 /* startSound2.wav */,
				0C163233227E767E001F2852 /* succeed.wav */,
				0C16327B227E768C001F2852 /* succeed2.wav */,
				35243CF2198A24F70032EFCD /* tab.png */,
				0C163258227E7685001F2852 /* ctrl_R.png */,
				35243CF3198A24F70032EFCD /* ctrl_semicolon.png */,
				0C163249227E7682001F2852 /* ctrl9.png */,
				0C163265227E7687001F2852 /* ctrlB.png */,
				0C163270227E7689001F2852 /* ctrlOpt_tab.png */,
				35243CF4198A24F70032EFCD /* ctrlP.png */,
				35243CF5198A24F70032EFCD /* ctrlOpt_tab.png */,
				0C163292227E7690001F2852 /* ctrl_T.png */,
				35243CF6198A24F70032EFCD /* ctrl_tab.png */,
				35243CE4198A24A50032EFCD /* scReview5.png */,
				35243CE5198A24A50032EFCD /* opt_KPplus.png */,
				35243CE6198A24A50032EFCD /* opt_KPminus.png */,
				35DC869B1989CA0D00184F43 /* scReview4.png */,
				35DC869C1989CA0D00184F43 /* optShft_D.png */,
				0C163293227E7690001F2852 /* BGmusic2.wav */,
				0C16324C227E7683001F2852 /* BGmusic2a.wav */,
				0C16324D227E7683001F2852 /* booBG.png */,
				0C1632A8227E7693001F2852 /* checkmark.png */,
				0C16325D227E7686001F2852 /* cmd_equal.png */,
				0C1632AC227E7694001F2852 /* cmd_K.png */,
				0C163291227E768F001F2852 /* cmd4.png */,
				0C163297227E7690001F2852 /* cmd5.png */,
				0C16325C227E7686001F2852 /* cmd6.png */,
				0C16326F227E7689001F2852 /* cmd7.png */,
				35DC869D1989CA0D00184F43 /* cmdG.png */,
				0C163223227E767B001F2852 /* scReview7a.png */,
				0C16324B227E7682001F2852 /* scReview7b.png */,
				0C16325B227E7686001F2852 /* scReview7bB.png */,
				0C16324E227E7683001F2852 /* SDL_Template2 */,
				0C163288227E768E001F2852 /* shft1.png */,
				35DC869E1989CA0D00184F43 /* shftS.png */,
				35DC869F1989CA0D00184F43 /* shft1.png */,
				35DC86A01989CA0D00184F43 /* cmd7.png */,
				35DC86A11989CA0D00184F43 /* cmd6.png */,
				35DC86A21989CA0D00184F43 /* cmd5.png */,
				35DC86A31989CA0D00184F43 /* cmd4.png */,
				0C16329A227E7691001F2852 /* f4.png */,
				0C163264227E7687001F2852 /* failB.wav */,
				35BA6E991988BFD8000234E4 /* finale1_faster.wav */,
				0C16327F227E768C001F2852 /* badFinale1.wav */,
				0C16325F227E7686001F2852 /* badFinale2.wav */,
				0C163242227E7681001F2852 /* ban.png */,
				0C163226227E767C001F2852 /* BGmusic1_faster.wav */,
				3549C82B1988B03C004B0138 /* BGmusic1_fastest.wav */,
				3549C82C1988B03C004B0138 /* BGmusic1_faster.wav */,
				3576BB67198775F900D32B2F /* badFinale2.wav */,
				355472F81987176400D05F42 /* cmd_K.png */,
				0C163299227E7691001F2852 /* cmdH.png */,
				355472F91987176400D05F42 /* cmdShft_N.png */,
				355472EF1987107900D05F42 /* scReview3.png */,
				355472F01987107900D05F42 /* ctrl_down.png */,
				355472F11987107900D05F42 /* ctrl_up.png */,
				358D9ABE1985FF1D00C68B48 /* badFinale1.wav */,
				35F132501985A3A2006E0D65 /* return.png */,
				35F132511985A3A2006E0D65 /* opt_return.png */,
				35F132521985A3A2006E0D65 /* ctrl_R.png */,
				35F132531985A3A2006E0D65 /* ctrl_T.png */,
				35F132541985A3A2006E0D65 /* f4.png */,
				35F132551985A3A2006E0D65 /* f3.png */,
				0C163259227E7685001F2852 /* dieBG.png */,
				0C1632A9227E7693001F2852 /* endScreen.png */,
				0C163245227E7681001F2852 /* f1.png */,
				35F132561985A3A2006E0D65 /* f2.png */,
				35F132571985A3A2006E0D65 /* f1.png */,
				358A7D4A1983779C00509683 /* reviewMusic2.wav */,
				35D179AB19849518006F617D /* reviewMusic1.wav */,
				35D179AC19849518006F617D /* scReview2.png */,
				35D179AD19849518006F617D /* scReview1.png */,
				35D179AE19849518006F617D /* cmd_equal.png */,
				35E1374319833D2900FC7D7F /* failB.wav */,
				35485008198333690085136D /* oneUp1.wav */,
				35BEA5CB1983298000D36B63 /* oneUp2a.wav */,
				3548884819832588001E04CE /* deathSound.wav */,
				357E1D1019831720001883DC /* succeed2.wav */,
				359AA9BE19825A4400DCA254 /* scBadSound.wav */,
				35CE0ADF19822A6400DF229D /* scGoodSound.wav */,
				0C163237227E767F001F2852 /* f2.png */,
				0C16323C227E7680001F2852 /* f3.png */,
				0C163263227E7687001F2852 /* finale1_faster.wav */,
				359FB4981980DCED00660396 /* finale1b.wav */,
				35FE93141980A49100643593 /* startSound.wav */,
				350068CD1980952E0069DC81 /* BGmusic1.wav */,
				0C1632A7227E7693001F2852 /* wave4d.png */,
				0C16328E227E768F001F2852 /* wave5a.png */,
				0C16327E227E768C001F2852 /* wave5b.png */,
				0C163278227E768B001F2852 /* wave5c.png */,
				35970BA0197A463900EAFEA0 /* wave5d.png */,
				35970BA1197A463900EAFEA0 /* wave5c.png */,
				35970BA2197A463900EAFEA0 /* wave5b.png */,
				35970BA3197A463900EAFEA0 /* wave5a.png */,
				35970BA4197A463900EAFEA0 /* wave4d.png */,
				0C16326A227E7688001F2852 /* wave4b.png */,
				35970BA5197A463900EAFEA0 /* wave4c.png */,
				35970BA6197A463900EAFEA0 /* wave4b.png */,
				0C163254227E7684001F2852 /* Arial Bold.ttf */,
				0C163274227E768A001F2852 /* Arial.ttf */,
				0C163218227E7679001F2852 /* background1_ws.png */,
				0C16321B227E767A001F2852 /* BGmusic1_fastest.wav */,
				0C163229227E767C001F2852 /* BGmusic1.wav */,
				0C163247227E7682001F2852 /* cmdG.png */,
				0C163255227E7685001F2852 /* cmdShft_N.png */,
				0C163267227E7688001F2852 /* cs_frame.png */,
				0C16329C227E7691001F2852 /* cs_powerup.png */,
				0C16327D227E768C001F2852 /* csMusic.wav */,
				0C163219227E7679001F2852 /* csMusicA.wav */,
				0C163225227E767C001F2852 /* ctrl_comma.png */,
				0C16322A227E767C001F2852 /* ctrl_period.png */,
				0C163257227E7685001F2852 /* ctrl_semicolon.png */,
				0C16326E227E7689001F2852 /* ctrl_tab.png */,
				0C163284227E768D001F2852 /* ctrl_up.png */,
				0C16322D227E767D001F2852 /* ctrl6.png */,
				0C16321D227E767A001F2852 /* ctrl7.png */,
				0C163216227E7679001F2852 /* ctrl8.png */,
				0C163220227E767B001F2852 /* ctrlP.png */,
				0C163228227E767C001F2852 /* deathSound.wav */,
				0C163235227E767F001F2852 /* finale1b.wav */,
				0C163246227E7682001F2852 /* finale2.wav */,
				0C163251227E7684001F2852 /* finaleMusic1_fastest.wav */,
				0C16327A227E768B001F2852 /* fullSized.png */,
				0C163286227E768D001F2852 /* inverted.png */,
				0C163290227E768F001F2852 /* invertedBoo.png */,
				0C163279227E768B001F2852 /* invertedYay.png */,
				0C163214227E7679001F2852 /* key1.png */,
				0C163215227E7679001F2852 /* opt_tab.png */,
				0C163217227E7679001F2852 /* scReview6b.png */,
				0C16321F227E767B001F2852 /* shftS.png */,
				0C16322C227E767D001F2852 /* tab.png */,
				0C16328F227E768F001F2852 /* tmpBackground.png */,
				0C16322F227E767D001F2852 /* warning.png */,
				0C163276227E768B001F2852 /* wave1a.png */,
				0C16326C227E7689001F2852 /* wave1b.png */,
				0C16328D227E768F001F2852 /* wave1c.png */,
				0C16327C227E768C001F2852 /* wave1d.png */,
				0C163285227E768D001F2852 /* wave2a.png */,
				0C163281227E768D001F2852 /* wave2b.png */,
				0C163262227E7687001F2852 /* wave2c.png */,
				0C16321C227E767A001F2852 /* wave2d.png */,
				0C163231227E767E001F2852 /* wave3a.png */,
				0C163289227E768E001F2852 /* wave3b.png */,
				0C163243227E7681001F2852 /* wave3c.png */,
				0C163240227E7681001F2852 /* wave3d.png */,
				35970BA7197A463900EAFEA0 /* wave4a.png */,
				35970BA8197A463900EAFEA0 /* wave3d.png */,
				35970BA9197A463900EAFEA0 /* wave3c.png */,
				35970BAA197A463900EAFEA0 /* wave3b.png */,
				35970BAB197A463900EAFEA0 /* wave3a.png */,
				35970BAC197A463900EAFEA0 /* wave2d.png */,
				35970BAD197A463900EAFEA0 /* wave2c.png */,
				35970BAE197A463900EAFEA0 /* wave2b.png */,
				35970BAF197A463900EAFEA0 /* wave2a.png */,
				35B88DF6197A2D9C00F376DB /* wave1d.png */,
				35B88DF7197A2D9C00F376DB /* wave1c.png */,
				35B88DF8197A2D9C00F376DB /* wave1b.png */,
				35B88DF9197A2D9C00F376DB /* wave1a.png */,
				35998A461979FF4C00814505 /* scBackground_cs.png */,
				3534BDC9197902A4002EBB55 /* scClockStop.png */,
				354420A71978E6810054160F /* opt_minus.png */,
				35D387BB1978C70E00D86D55 /* ban.png */,
				35D387BC1978C70E00D86D55 /* checkmark.png */,
				35D387BD1978C70E00D86D55 /* scBackground_die.png */,
				3571E9921977B7D600BD8E63 /* warning.png */,
				35232477197766C000FB9187 /* scBackground.png */,
				358B6610197752810083204F /* shotgunMic.png */,
				358B6611197752810083204F /* tmpBackground.png */,
				358B6612197752810083204F /* shotgunMicArrows.png */,
				35FAAE121975F1F30050CBCC /* opt_openBracket.png */,
				35FAAE131975F1F30050CBCC /* opt_closeBracket.png */,
				35FAAE141975F1F30050CBCC /* ctrl9.png */,
				35FAAE151975F1F30050CBCC /* ctrl8.png */,
				35FAAE161975F1F30050CBCC /* ctrl7.png */,
				35FAAE171975F1F30050CBCC /* ctrl6.png */,
				35EFD71C1973654C00FEDBF9 /* review2.png */,
				35EFD71D1973654C00FEDBF9 /* review3.png */,
				35EFD71E1973654C00FEDBF9 /* review4.png */,
				35EFD71F1973654C00FEDBF9 /* review5.png */,
				35EFD7201973654C00FEDBF9 /* review6.png */,
				35EFD7211973654C00FEDBF9 /* review7.png */,
				359E0AA6197279A5006AEEEF /* review1.png */,
				35A21C761972231D004B316C /* key10b.png */,
				35A21C771972231D004B316C /* key9b.png */,
				35A21C781972231D004B316C /* key6b.png */,
				35A21C791972231D004B316C /* key12b.png */,
				35A21C7A1972231D004B316C /* key11b.png */,
				35A21C7B1972231D004B316C /* key8b.png */,
				35A21C7C1972231D004B316C /* key7b.png */,
				35A21C7D1972231D004B316C /* key5b.png */,
				35A21C811972232E004B316C /* key4b.png */,
				35A21C7E1972231D004B316C /* key3b.png */,
				35A21C7F1972231D004B316C /* key2b.png */,
				35A21C801972231D004B316C /* key1b.png */,
				35A07A181970D14C0056EB36 /* csMusicA.wav */,
				353AD32619709C0100E17C02 /* csMusic.wav */,
				35360B61196F6C6A00DA28D1 /* BGmusic2a.wav */,
				3592BD04196F5FFF001DF309 /* BGmusic2.wav */,
				3542BA4C196CC94700FE811B /* succeed.wav */,
				357909B3194147BC005A8FF6 /* cs_frame.png */,
				35CA07F319413C45008F31B5 /* cs_powerup.png */,
				3570ED43193BFA5E009C8503 /* dieBG.png */,
				35A8A571196F66DB006F0E19 /* invertedBoo.png */,
				35A8A572196F66DC006F0E19 /* invertedYay.png */,
				35A8A573196F66DC006F0E19 /* inverted.png */,
				3570ED44193BFA5E009C8503 /* booBG.png */,
				0C163234227E767F001F2852 /* wave4c.png */,
				0C163275227E768B001F2852 /* wave5d.png */,
				3570ED45193BFA5E009C8503 /* yayBG.png */,
				35CE47F8193997F6004F9E8F /* Arial Bold.ttf */,
				35CE47DC19399464004F9E8F /* key2.png */,
				35CE47DD19399464004F9E8F /* key3.png */,
				35CE47DE19399464004F9E8F /* key4.png */,
				35CE47DF19399464004F9E8F /* key5.png */,
				35CE47E019399464004F9E8F /* key6.png */,
				35CE47E119399464004F9E8F /* key7.png */,
				35CE47E219399464004F9E8F /* key8.png */,
				35CE47E319399464004F9E8F /* key9.png */,
				35CE47E419399464004F9E8F /* key11.png */,
				35CE47E519399464004F9E8F /* key14.png */,
				35CE47E619399464004F9E8F /* key15.png */,
				358DB8A719394B830019D352 /* key1.png */,
				0C163213227E7678001F2852 /* wave4a.png */,
				0C163232227E767E001F2852 /* yayBG.png */,
				08FB7796FE84155DC02AAC07 /* main.cpp */,
				35F1BD3C18386A9F0064F394 /* SDLMain.h */,
				35F1BD3D18386A9F0064F394 /* SDLMain.m */,
			);
			name = Source;
			sourceTree = "<group>";
		};
		1AB674ADFE9D54B511CA2CBB /* Products */ = {
			isa = PBXGroup;
			children = (
				8DD76F6C0486A84900D96B5E /* SDL_Template2 */,
			);
			name = Products;
			sourceTree = "<group>";
		};
		C6859E8C029090F304C91782 /* Documentation */ = {
			isa = PBXGroup;
			children = (
				C6859E8B029090EE04C91782 /* SDL_Template2.1 */,
			);
			name = Documentation;
			sourceTree = "<group>";
		};
/* End PBXGroup section */

/* Begin PBXNativeTarget section */
		8DD76F620486A84900D96B5E /* SDL_Template2 */ = {
			isa = PBXNativeTarget;
			buildConfigurationList = 1DEB923108733DC60010E9CD /* Build configuration list for PBXNativeTarget "SDL_Template2" */;
			buildPhases = (
				8DD76F640486A84900D96B5E /* Sources */,
				8DD76F660486A84900D96B5E /* Frameworks */,
				8DD76F690486A84900D96B5E /* CopyFiles */,
			);
			buildRules = (
			);
			dependencies = (
			);
			name = SDL_Template2;
			productInstallPath = "$(HOME)/bin";
			productName = SDL_Template2;
			productReference = 8DD76F6C0486A84900D96B5E /* SDL_Template2 */;
			productType = "com.apple.product-type.tool";
		};
/* End PBXNativeTarget section */

/* Begin PBXProject section */
		08FB7793FE84155DC02AAC07 /* Project object */ = {
			isa = PBXProject;
			attributes = {
				LastUpgradeCheck = 0940;
			};
			buildConfigurationList = 1DEB923508733DC60010E9CD /* Build configuration list for PBXProject "SDL_Template2" */;
			compatibilityVersion = "Xcode 3.1";
			developmentRegion = English;
			hasScannedForEncodings = 1;
			knownRegions = (
				English,
				Japanese,
				French,
				German,
			);
			mainGroup = 08FB7794FE84155DC02AAC07 /* SDL_Template2 */;
			projectDirPath = "";
			projectRoot = "";
			targets = (
				8DD76F620486A84900D96B5E /* SDL_Template2 */,
			);
		};
/* End PBXProject section */

/* Begin PBXSourcesBuildPhase section */
		8DD76F640486A84900D96B5E /* Sources */ = {
			isa = PBXSourcesBuildPhase;
			buildActionMask = 2147483647;
			files = (
				8DD76F650486A84900D96B5E /* main.cpp in Sources */,
				35F1BD3E18386A9F0064F394 /* SDLMain.m in Sources */,
			);
			runOnlyForDeploymentPostprocessing = 0;
		};
/* End PBXSourcesBuildPhase section */

/* Begin XCBuildConfiguration section */
		1DEB923208733DC60010E9CD /* Debug */ = {
			isa = XCBuildConfiguration;
			buildSettings = {
				ALWAYS_SEARCH_USER_PATHS = NO;
				CLANG_ENABLE_OBJC_WEAK = YES;
				COPY_PHASE_STRIP = NO;
				FRAMEWORK_SEARCH_PATHS = (
					/Library/Frameworks,
					"$(DEVELOPER_DIR)/Platforms/MacOSX.platform/Developer/SDKs/MacOSX10.9.sdk/System/Library/Frameworks",
				);
				GCC_DYNAMIC_NO_PIC = NO;
				GCC_ENABLE_FIX_AND_CONTINUE = YES;
				GCC_MODEL_TUNING = G5;
				GCC_OPTIMIZATION_LEVEL = 0;
				INSTALL_PATH = /usr/local/bin;
				PRODUCT_NAME = SDL_Template2;
				SDKROOT = macosx;
			};
			name = Debug;
		};
		1DEB923308733DC60010E9CD /* Release */ = {
			isa = XCBuildConfiguration;
			buildSettings = {
				ALWAYS_SEARCH_USER_PATHS = NO;
				CLANG_ENABLE_OBJC_WEAK = YES;
				DEBUG_INFORMATION_FORMAT = "dwarf-with-dsym";
				FRAMEWORK_SEARCH_PATHS = (
					"$(inherited)",
					"$(DEVELOPER_DIR)/Platforms/MacOSX.platform/Developer/SDKs/MacOSX10.9.sdk/System/Library/Frameworks",
				);
				GCC_MODEL_TUNING = G5;
				INSTALL_PATH = /usr/local/bin;
				PRODUCT_NAME = SDL_Template2;
				SDKROOT = macosx;
			};
			name = Release;
		};
		1DEB923608733DC60010E9CD /* Debug */ = {
			isa = XCBuildConfiguration;
			buildSettings = {
				CLANG_ANALYZER_LOCALIZABILITY_NONLOCALIZED = YES;
				CLANG_WARN_BLOCK_CAPTURE_AUTORELEASING = YES;
				CLANG_WARN_BOOL_CONVERSION = YES;
				CLANG_WARN_COMMA = YES;
				CLANG_WARN_CONSTANT_CONVERSION = YES;
				CLANG_WARN_DEPRECATED_OBJC_IMPLEMENTATIONS = YES;
				CLANG_WARN_EMPTY_BODY = YES;
				CLANG_WARN_ENUM_CONVERSION = YES;
				CLANG_WARN_INFINITE_RECURSION = YES;
				CLANG_WARN_INT_CONVERSION = YES;
				CLANG_WARN_NON_LITERAL_NULL_CONVERSION = YES;
				CLANG_WARN_OBJC_IMPLICIT_RETAIN_SELF = YES;
				CLANG_WARN_OBJC_LITERAL_CONVERSION = YES;
				CLANG_WARN_RANGE_LOOP_ANALYSIS = YES;
				CLANG_WARN_STRICT_PROTOTYPES = YES;
				CLANG_WARN_SUSPICIOUS_MOVE = YES;
				CLANG_WARN_UNREACHABLE_CODE = YES;
				CLANG_WARN__DUPLICATE_METHOD_MATCH = YES;
				ENABLE_STRICT_OBJC_MSGSEND = YES;
				ENABLE_TESTABILITY = YES;
				GCC_C_LANGUAGE_STANDARD = gnu99;
				GCC_NO_COMMON_BLOCKS = YES;
				GCC_OPTIMIZATION_LEVEL = 0;
				GCC_WARN_64_TO_32_BIT_CONVERSION = YES;
				GCC_WARN_ABOUT_RETURN_TYPE = YES;
				GCC_WARN_UNDECLARED_SELECTOR = YES;
				GCC_WARN_UNINITIALIZED_AUTOS = YES;
				GCC_WARN_UNUSED_FUNCTION = YES;
				GCC_WARN_UNUSED_VARIABLE = YES;
				ONLY_ACTIVE_ARCH = YES;
				PREBINDING = NO;
				SDKROOT = macosx;
			};
			name = Debug;
		};
		1DEB923708733DC60010E9CD /* Release */ = {
			isa = XCBuildConfiguration;
			buildSettings = {
				CLANG_ANALYZER_LOCALIZABILITY_NONLOCALIZED = YES;
				CLANG_WARN_BLOCK_CAPTURE_AUTORELEASING = YES;
				CLANG_WARN_BOOL_CONVERSION = YES;
				CLANG_WARN_COMMA = YES;
				CLANG_WARN_CONSTANT_CONVERSION = YES;
				CLANG_WARN_DEPRECATED_OBJC_IMPLEMENTATIONS = YES;
				CLANG_WARN_EMPTY_BODY = YES;
				CLANG_WARN_ENUM_CONVERSION = YES;
				CLANG_WARN_INFINITE_RECURSION = YES;
				CLANG_WARN_INT_CONVERSION = YES;
				CLANG_WARN_NON_LITERAL_NULL_CONVERSION = YES;
				CLANG_WARN_OBJC_IMPLICIT_RETAIN_SELF = YES;
				CLANG_WARN_OBJC_LITERAL_CONVERSION = YES;
				CLANG_WARN_RANGE_LOOP_ANALYSIS = YES;
				CLANG_WARN_STRICT_PROTOTYPES = YES;
				CLANG_WARN_SUSPICIOUS_MOVE = YES;
				CLANG_WARN_UNREACHABLE_CODE = YES;
				CLANG_WARN__DUPLICATE_METHOD_MATCH = YES;
				ENABLE_STRICT_OBJC_MSGSEND = YES;
				GCC_C_LANGUAGE_STANDARD = gnu99;
				GCC_NO_COMMON_BLOCKS = YES;
				GCC_WARN_64_TO_32_BIT_CONVERSION = YES;
				GCC_WARN_ABOUT_RETURN_TYPE = YES;
				GCC_WARN_UNDECLARED_SELECTOR = YES;
				GCC_WARN_UNINITIALIZED_AUTOS = YES;
				GCC_WARN_UNUSED_FUNCTION = YES;
				GCC_WARN_UNUSED_VARIABLE = YES;
				PREBINDING = NO;
				SDKROOT = macosx;
			};
			name = Release;
		};
/* End XCBuildConfiguration section */

/* Begin XCConfigurationList section */
		1DEB923108733DC60010E9CD /* Build configuration list for PBXNativeTarget "SDL_Template2" */ = {
			isa = XCConfigurationList;
			buildConfigurations = (
				1DEB923208733DC60010E9CD /* Debug */,
				1DEB923308733DC60010E9CD /* Release */,
			);
			defaultConfigurationIsVisible = 0;
			defaultConfigurationName = Release;
		};
		1DEB923508733DC60010E9CD /* Build configuration list for PBXProject "SDL_Template2" */ = {
			isa = XCConfigurationList;
			buildConfigurations = (
				1DEB923608733DC60010E9CD /* Debug */,
				1DEB923708733DC60010E9CD /* Release */,
			);
			defaultConfigurationIsVisible = 0;
			defaultConfigurationName = Release;
		};
/* End XCConfigurationList section */
	};
	rootObject = 08FB7793FE84155DC02AAC07 /* Project object */;
}
